
Microsoft Visual Studio Solution File, Format Version 11.00
# Visual Studio 2010
Project("{8BC9CEB8-8B4A-11D0-8D11-00A0C91BC942}") = "App_BulletExampleBrowser", "App_BulletExampleBrowser.vcxproj", "{912D3BAE-8F61-744F-9326-2CD8CCD92B35}"
	ProjectSection(ProjectDependencies) = postProject
		{3EEA19D7-95E0-BD4F-BAB8-F57D6A74A38C} = {3EEA19D7-95E0-BD4F-BAB8-F57D6A74A38C}
		{09FF2220-06E0-724D-B096-D3ABD99C430B} = {09FF2220-06E0-724D-B096-D3ABD99C430B}
		{CF76430C-A886-BA44-9683-401D91ADC2C1} = {CF76430C-A886-BA44-9683-401D91ADC2C1}
		{53B9718B-26FB-204E-85A7-B4BB2D8C386A} = {53B9718B-26FB-204E-85A7-B4BB2D8C386A}
		{C3626BB1-29D4-E946-80CB-D5139F56DE7B} = {C3626BB1-29D4-E946-80CB-D5139F56DE7B}
		{D4B17798-295A-C44C-B009-66A45501A6DF} = {D4B17798-295A-C44C-B009-66A45501A6DF}
		{87FCB533-1CC5-5845-A1C1-BFF5F3E94393} = {87FCB533-1CC5-5845-A1C1-BFF5F3E94393}
		{05047261-A5BE-C844-9068-1CE1DEFE41B3} = {05047261-A5BE-C844-9068-1CE1DEFE41B3}
		{AD609702-D798-EE41-A792-59952F4FD957} = {AD609702-D798-EE41-A792-59952F4FD957}
		{8AFB2133-32F8-7844-B487-5E1109BF6492} = {8AFB2133-32F8-7844-B487-5E1109BF6492}
		{EC731A80-33EE-6E4C-9F6D-CF0BEFF98A0E} = {EC731A80-33EE-6E4C-9F6D-CF0BEFF98A0E}
		{34878E87-3367-1F48-99E4-75376CA3F1B5} = {34878E87-3367-1F48-99E4-75376CA3F1B5}
		{886B3700-FEEB-8B4D-B8D2-D87028F604D8} = {886B3700-FEEB-8B4D-B8D2-D87028F604D8}
		{A5DD5FAC-7E89-3141-9F29-D5AF3B392E85} = {A5DD5FAC-7E89-3141-9F29-D5AF3B392E85}
		{7DCFCDC7-F0DF-E042-8201-706970B03B47} = {7DCFCDC7-F0DF-E042-8201-706970B03B47}
	EndProjectSection
EndProject
Project("{8BC9CEB8-8B4A-11D0-8D11-00A0C91BC942}") = "BulletExampleBrowserLib", "BulletExampleBrowserLib.vcxproj", "{3EEA19D7-95E0-BD4F-BAB8-F57D6A74A38C}"
EndProject
Project("{8BC9CEB8-8B4A-11D0-8D11-00A0C91BC942}") = "App_RobotSimulator", "App_RobotSimulator.vcxproj", "{5381ADC3-307E-9945-8232-986520C89DBE}"
	ProjectSection(ProjectDependencies) = postProject
		{3EEA19D7-95E0-BD4F-BAB8-F57D6A74A38C} = {3EEA19D7-95E0-BD4F-BAB8-F57D6A74A38C}
		{09FF2220-06E0-724D-B096-D3ABD99C430B} = {09FF2220-06E0-724D-B096-D3ABD99C430B}
		{CF76430C-A886-BA44-9683-401D91ADC2C1} = {CF76430C-A886-BA44-9683-401D91ADC2C1}
		{2AF59CA1-C7E8-1447-B8A9-2F9AAD664A3C} = {2AF59CA1-C7E8-1447-B8A9-2F9AAD664A3C}
		{C84EDAD5-4131-D040-B289-52382F51BCE1} = {C84EDAD5-4131-D040-B289-52382F51BCE1}
		{53B9718B-26FB-204E-85A7-B4BB2D8C386A} = {53B9718B-26FB-204E-85A7-B4BB2D8C386A}
		{C3626BB1-29D4-E946-80CB-D5139F56DE7B} = {C3626BB1-29D4-E946-80CB-D5139F56DE7B}
		{D4B17798-295A-C44C-B009-66A45501A6DF} = {D4B17798-295A-C44C-B009-66A45501A6DF}
		{87FCB533-1CC5-5845-A1C1-BFF5F3E94393} = {87FCB533-1CC5-5845-A1C1-BFF5F3E94393}
		{05047261-A5BE-C844-9068-1CE1DEFE41B3} = {05047261-A5BE-C844-9068-1CE1DEFE41B3}
		{AD609702-D798-EE41-A792-59952F4FD957} = {AD609702-D798-EE41-A792-59952F4FD957}
		{8AFB2133-32F8-7844-B487-5E1109BF6492} = {8AFB2133-32F8-7844-B487-5E1109BF6492}
		{EC731A80-33EE-6E4C-9F6D-CF0BEFF98A0E} = {EC731A80-33EE-6E4C-9F6D-CF0BEFF98A0E}
		{34878E87-3367-1F48-99E4-75376CA3F1B5} = {34878E87-3367-1F48-99E4-75376CA3F1B5}
		{886B3700-FEEB-8B4D-B8D2-D87028F604D8} = {886B3700-FEEB-8B4D-B8D2-D87028F604D8}
		{A5DD5FAC-7E89-3141-9F29-D5AF3B392E85} = {A5DD5FAC-7E89-3141-9F29-D5AF3B392E85}
		{7DCFCDC7-F0DF-E042-8201-706970B03B47} = {7DCFCDC7-F0DF-E042-8201-706970B03B47}
		{A8002B22-94BE-B746-984D-BABDF67BDA82} = {A8002B22-94BE-B746-984D-BABDF67BDA82}
		{6FC71387-872A-0345-907B-D9FB208125DD} = {6FC71387-872A-0345-907B-D9FB208125DD}
	EndProjectSection
EndProject
Project("{8BC9CEB8-8B4A-11D0-8D11-00A0C91BC942}") = "OpenGL_Window", "OpenGL_Window.vcxproj", "{CF76430C-A886-BA44-9683-401D91ADC2C1}"
EndProject
Project("{8BC9CEB8-8B4A-11D0-8D11-00A0C91BC942}") = "gwen", "gwen.vcxproj", "{09FF2220-06E0-724D-B096-D3ABD99C430B}"
EndProject
Project("{8BC9CEB8-8B4A-11D0-8D11-00A0C91BC942}") = "App_HelloWorld", "App_HelloWorld.vcxproj", "{67481182-AF10-6B4B-92D5-3D6355A71A76}"
	ProjectSection(ProjectDependencies) = postProject
		{87FCB533-1CC5-5845-A1C1-BFF5F3E94393} = {87FCB533-1CC5-5845-A1C1-BFF5F3E94393}
		{05047261-A5BE-C844-9068-1CE1DEFE41B3} = {05047261-A5BE-C844-9068-1CE1DEFE41B3}
		{AD609702-D798-EE41-A792-59952F4FD957} = {AD609702-D798-EE41-A792-59952F4FD957}
	EndProjectSection
EndProject
Project("{8BC9CEB8-8B4A-11D0-8D11-00A0C91BC942}") = "App_PhysicsServer_SharedMemory", "App_PhysicsServer_SharedMemory.vcxproj", "{E54211EF-B4D0-124B-820D-9CE1FD3E2E3C}"
	ProjectSection(ProjectDependencies) = postProject
		{EC731A80-33EE-6E4C-9F6D-CF0BEFF98A0E} = {EC731A80-33EE-6E4C-9F6D-CF0BEFF98A0E}
		{C3626BB1-29D4-E946-80CB-D5139F56DE7B} = {C3626BB1-29D4-E946-80CB-D5139F56DE7B}
		{D4B17798-295A-C44C-B009-66A45501A6DF} = {D4B17798-295A-C44C-B009-66A45501A6DF}
		{87FCB533-1CC5-5845-A1C1-BFF5F3E94393} = {87FCB533-1CC5-5845-A1C1-BFF5F3E94393}
		{05047261-A5BE-C844-9068-1CE1DEFE41B3} = {05047261-A5BE-C844-9068-1CE1DEFE41B3}
		{AD609702-D798-EE41-A792-59952F4FD957} = {AD609702-D798-EE41-A792-59952F4FD957}
		{8AFB2133-32F8-7844-B487-5E1109BF6492} = {8AFB2133-32F8-7844-B487-5E1109BF6492}
	EndProjectSection
EndProject
Project("{8BC9CEB8-8B4A-11D0-8D11-00A0C91BC942}") = "App_PhysicsServer_SharedMemory_GUI", "App_PhysicsServer_SharedMemory_GUI.vcxproj", "{5212F0E2-24DC-1548-BBA7-194B00E442D0}"
	ProjectSection(ProjectDependencies) = postProject
		{C3626BB1-29D4-E946-80CB-D5139F56DE7B} = {C3626BB1-29D4-E946-80CB-D5139F56DE7B}
		{D4B17798-295A-C44C-B009-66A45501A6DF} = {D4B17798-295A-C44C-B009-66A45501A6DF}
		{87FCB533-1CC5-5845-A1C1-BFF5F3E94393} = {87FCB533-1CC5-5845-A1C1-BFF5F3E94393}
		{05047261-A5BE-C844-9068-1CE1DEFE41B3} = {05047261-A5BE-C844-9068-1CE1DEFE41B3}
		{AD609702-D798-EE41-A792-59952F4FD957} = {AD609702-D798-EE41-A792-59952F4FD957}
		{CF76430C-A886-BA44-9683-401D91ADC2C1} = {CF76430C-A886-BA44-9683-401D91ADC2C1}
		{EC731A80-33EE-6E4C-9F6D-CF0BEFF98A0E} = {EC731A80-33EE-6E4C-9F6D-CF0BEFF98A0E}
		{8AFB2133-32F8-7844-B487-5E1109BF6492} = {8AFB2133-32F8-7844-B487-5E1109BF6492}
	EndProjectSection
EndProject
Project("{8BC9CEB8-8B4A-11D0-8D11-00A0C91BC942}") = "App_PhysicsServer_SharedMemory_VR", "App_PhysicsServer_SharedMemory_VR.vcxproj", "{7B7F012E-B384-844F-BF55-43F9F9753AD0}"
	ProjectSection(ProjectDependencies) = postProject
		{C3626BB1-29D4-E946-80CB-D5139F56DE7B} = {C3626BB1-29D4-E946-80CB-D5139F56DE7B}
		{D4B17798-295A-C44C-B009-66A45501A6DF} = {D4B17798-295A-C44C-B009-66A45501A6DF}
		{EC731A80-33EE-6E4C-9F6D-CF0BEFF98A0E} = {EC731A80-33EE-6E4C-9F6D-CF0BEFF98A0E}
		{87FCB533-1CC5-5845-A1C1-BFF5F3E94393} = {87FCB533-1CC5-5845-A1C1-BFF5F3E94393}
		{05047261-A5BE-C844-9068-1CE1DEFE41B3} = {05047261-A5BE-C844-9068-1CE1DEFE41B3}
		{AD609702-D798-EE41-A792-59952F4FD957} = {AD609702-D798-EE41-A792-59952F4FD957}
		{CF76430C-A886-BA44-9683-401D91ADC2C1} = {CF76430C-A886-BA44-9683-401D91ADC2C1}
		{8AFB2133-32F8-7844-B487-5E1109BF6492} = {8AFB2133-32F8-7844-B487-5E1109BF6492}
	EndProjectSection
EndProject
Project("{8BC9CEB8-8B4A-11D0-8D11-00A0C91BC942}") = "App_PhysicsServerSharedMemoryBridgeUDP", "App_PhysicsServerSharedMemoryBridgeUDP.vcxproj", "{6E6BD877-1ACF-CA46-9A31-54CA6A01EA82}"
	ProjectSection(ProjectDependencies) = postProject
		{A8002B22-94BE-B746-984D-BABDF67BDA82} = {A8002B22-94BE-B746-984D-BABDF67BDA82}
		{2AF59CA1-C7E8-1447-B8A9-2F9AAD664A3C} = {2AF59CA1-C7E8-1447-B8A9-2F9AAD664A3C}
		{EC731A80-33EE-6E4C-9F6D-CF0BEFF98A0E} = {EC731A80-33EE-6E4C-9F6D-CF0BEFF98A0E}
		{AD609702-D798-EE41-A792-59952F4FD957} = {AD609702-D798-EE41-A792-59952F4FD957}
	EndProjectSection
EndProject
Project("{8BC9CEB8-8B4A-11D0-8D11-00A0C91BC942}") = "App_PhysicsServerUDP", "App_PhysicsServerUDP.vcxproj", "{2712304C-05B5-A843-A49B-16ED4636FFB3}"
	ProjectSection(ProjectDependencies) = postProject
		{A8002B22-94BE-B746-984D-BABDF67BDA82} = {A8002B22-94BE-B746-984D-BABDF67BDA82}
		{EC731A80-33EE-6E4C-9F6D-CF0BEFF98A0E} = {EC731A80-33EE-6E4C-9F6D-CF0BEFF98A0E}
		{C3626BB1-29D4-E946-80CB-D5139F56DE7B} = {C3626BB1-29D4-E946-80CB-D5139F56DE7B}
		{D4B17798-295A-C44C-B009-66A45501A6DF} = {D4B17798-295A-C44C-B009-66A45501A6DF}
		{87FCB533-1CC5-5845-A1C1-BFF5F3E94393} = {87FCB533-1CC5-5845-A1C1-BFF5F3E94393}
		{05047261-A5BE-C844-9068-1CE1DEFE41B3} = {05047261-A5BE-C844-9068-1CE1DEFE41B3}
		{AD609702-D798-EE41-A792-59952F4FD957} = {AD609702-D798-EE41-A792-59952F4FD957}
		{8AFB2133-32F8-7844-B487-5E1109BF6492} = {8AFB2133-32F8-7844-B487-5E1109BF6492}
	EndProjectSection
EndProject
Project("{8BC9CEB8-8B4A-11D0-8D11-00A0C91BC942}") = "App_PhysicsServerSharedMemoryBridgeTCP", "App_PhysicsServerSharedMemoryBridgeTCP.vcxproj", "{9237883A-768C-6A40-A491-5E3E8929861B}"
	ProjectSection(ProjectDependencies) = postProject
		{6FC71387-872A-0345-907B-D9FB208125DD} = {6FC71387-872A-0345-907B-D9FB208125DD}
		{2AF59CA1-C7E8-1447-B8A9-2F9AAD664A3C} = {2AF59CA1-C7E8-1447-B8A9-2F9AAD664A3C}
		{EC731A80-33EE-6E4C-9F6D-CF0BEFF98A0E} = {EC731A80-33EE-6E4C-9F6D-CF0BEFF98A0E}
		{AD609702-D798-EE41-A792-59952F4FD957} = {AD609702-D798-EE41-A792-59952F4FD957}
	EndProjectSection
EndProject
Project("{8BC9CEB8-8B4A-11D0-8D11-00A0C91BC942}") = "App_PhysicsServerTCP", "App_PhysicsServerTCP.vcxproj", "{DFA5F708-13A1-584B-A10B-03C4F9C77D8E}"
	ProjectSection(ProjectDependencies) = postProject
		{6FC71387-872A-0345-907B-D9FB208125DD} = {6FC71387-872A-0345-907B-D9FB208125DD}
		{EC731A80-33EE-6E4C-9F6D-CF0BEFF98A0E} = {EC731A80-33EE-6E4C-9F6D-CF0BEFF98A0E}
		{C3626BB1-29D4-E946-80CB-D5139F56DE7B} = {C3626BB1-29D4-E946-80CB-D5139F56DE7B}
		{D4B17798-295A-C44C-B009-66A45501A6DF} = {D4B17798-295A-C44C-B009-66A45501A6DF}
		{87FCB533-1CC5-5845-A1C1-BFF5F3E94393} = {87FCB533-1CC5-5845-A1C1-BFF5F3E94393}
		{05047261-A5BE-C844-9068-1CE1DEFE41B3} = {05047261-A5BE-C844-9068-1CE1DEFE41B3}
		{AD609702-D798-EE41-A792-59952F4FD957} = {AD609702-D798-EE41-A792-59952F4FD957}
		{8AFB2133-32F8-7844-B487-5E1109BF6492} = {8AFB2133-32F8-7844-B487-5E1109BF6492}
	EndProjectSection
EndProject
Project("{8BC9CEB8-8B4A-11D0-8D11-00A0C91BC942}") = "pybullet_testplugin", "pybullet_testplugin.vcxproj", "{359CCFA4-4385-224A-BCF8-657D24F680AE}"
	ProjectSection(ProjectDependencies) = postProject
		{2AF59CA1-C7E8-1447-B8A9-2F9AAD664A3C} = {2AF59CA1-C7E8-1447-B8A9-2F9AAD664A3C}
		{EC731A80-33EE-6E4C-9F6D-CF0BEFF98A0E} = {EC731A80-33EE-6E4C-9F6D-CF0BEFF98A0E}
		{AD609702-D798-EE41-A792-59952F4FD957} = {AD609702-D798-EE41-A792-59952F4FD957}
	EndProjectSection
EndProject
Project("{8BC9CEB8-8B4A-11D0-8D11-00A0C91BC942}") = "pybullet_vrSyncPlugin", "pybullet_vrSyncPlugin.vcxproj", "{B391C292-3E14-AC4A-B3FE-8C91F0798C9D}"
	ProjectSection(ProjectDependencies) = postProject
		{2AF59CA1-C7E8-1447-B8A9-2F9AAD664A3C} = {2AF59CA1-C7E8-1447-B8A9-2F9AAD664A3C}
		{EC731A80-33EE-6E4C-9F6D-CF0BEFF98A0E} = {EC731A80-33EE-6E4C-9F6D-CF0BEFF98A0E}
		{AD609702-D798-EE41-A792-59952F4FD957} = {AD609702-D798-EE41-A792-59952F4FD957}
	EndProjectSection
EndProject
Project("{8BC9CEB8-8B4A-11D0-8D11-00A0C91BC942}") = "BussIK", "BussIK.vcxproj", "{8AFB2133-32F8-7844-B487-5E1109BF6492}"
EndProject
Project("{8BC9CEB8-8B4A-11D0-8D11-00A0C91BC942}") = "pybullet", "pybullet.vcxproj", "{87C46F38-1A3B-5244-B7E0-92CF87144839}"
	ProjectSection(ProjectDependencies) = postProject
		{3EEA19D7-95E0-BD4F-BAB8-F57D6A74A38C} = {3EEA19D7-95E0-BD4F-BAB8-F57D6A74A38C}
		{09FF2220-06E0-724D-B096-D3ABD99C430B} = {09FF2220-06E0-724D-B096-D3ABD99C430B}
		{2AF59CA1-C7E8-1447-B8A9-2F9AAD664A3C} = {2AF59CA1-C7E8-1447-B8A9-2F9AAD664A3C}
		{C84EDAD5-4131-D040-B289-52382F51BCE1} = {C84EDAD5-4131-D040-B289-52382F51BCE1}
		{CF76430C-A886-BA44-9683-401D91ADC2C1} = {CF76430C-A886-BA44-9683-401D91ADC2C1}
		{53B9718B-26FB-204E-85A7-B4BB2D8C386A} = {53B9718B-26FB-204E-85A7-B4BB2D8C386A}
		{C3626BB1-29D4-E946-80CB-D5139F56DE7B} = {C3626BB1-29D4-E946-80CB-D5139F56DE7B}
		{D4B17798-295A-C44C-B009-66A45501A6DF} = {D4B17798-295A-C44C-B009-66A45501A6DF}
		{87FCB533-1CC5-5845-A1C1-BFF5F3E94393} = {87FCB533-1CC5-5845-A1C1-BFF5F3E94393}
		{05047261-A5BE-C844-9068-1CE1DEFE41B3} = {05047261-A5BE-C844-9068-1CE1DEFE41B3}
		{AD609702-D798-EE41-A792-59952F4FD957} = {AD609702-D798-EE41-A792-59952F4FD957}
		{8AFB2133-32F8-7844-B487-5E1109BF6492} = {8AFB2133-32F8-7844-B487-5E1109BF6492}
		{EC731A80-33EE-6E4C-9F6D-CF0BEFF98A0E} = {EC731A80-33EE-6E4C-9F6D-CF0BEFF98A0E}
		{34878E87-3367-1F48-99E4-75376CA3F1B5} = {34878E87-3367-1F48-99E4-75376CA3F1B5}
		{886B3700-FEEB-8B4D-B8D2-D87028F604D8} = {886B3700-FEEB-8B4D-B8D2-D87028F604D8}
		{A5DD5FAC-7E89-3141-9F29-D5AF3B392E85} = {A5DD5FAC-7E89-3141-9F29-D5AF3B392E85}
		{7DCFCDC7-F0DF-E042-8201-706970B03B47} = {7DCFCDC7-F0DF-E042-8201-706970B03B47}
		{A8002B22-94BE-B746-984D-BABDF67BDA82} = {A8002B22-94BE-B746-984D-BABDF67BDA82}
		{6FC71387-872A-0345-907B-D9FB208125DD} = {6FC71387-872A-0345-907B-D9FB208125DD}
	EndProjectSection
EndProject
Project("{8BC9CEB8-8B4A-11D0-8D11-00A0C91BC942}") = "App_SimpleOpenGL3", "App_SimpleOpenGL3.vcxproj", "{42D441BD-2313-084C-B0B9-446587ECC0C3}"
	ProjectSection(ProjectDependencies) = postProject
		{CF76430C-A886-BA44-9683-401D91ADC2C1} = {CF76430C-A886-BA44-9683-401D91ADC2C1}
		{EC731A80-33EE-6E4C-9F6D-CF0BEFF98A0E} = {EC731A80-33EE-6E4C-9F6D-CF0BEFF98A0E}
	EndProjectSection
EndProject
Project("{8BC9CEB8-8B4A-11D0-8D11-00A0C91BC942}") = "Test_SharedMemoryPhysicsClient", "Test_SharedMemoryPhysicsClient.vcxproj", "{39C86D68-BB8D-164F-970D-387C6BBF9A00}"
	ProjectSection(ProjectDependencies) = postProject
		{2AF59CA1-C7E8-1447-B8A9-2F9AAD664A3C} = {2AF59CA1-C7E8-1447-B8A9-2F9AAD664A3C}
		{EC731A80-33EE-6E4C-9F6D-CF0BEFF98A0E} = {EC731A80-33EE-6E4C-9F6D-CF0BEFF98A0E}
		{AD609702-D798-EE41-A792-59952F4FD957} = {AD609702-D798-EE41-A792-59952F4FD957}
	EndProjectSection
EndProject
Project("{8BC9CEB8-8B4A-11D0-8D11-00A0C91BC942}") = "Test_PhysicsClientUDP", "Test_PhysicsClientUDP.vcxproj", "{3F87A942-39E6-E54D-A538-AD253F931DB3}"
	ProjectSection(ProjectDependencies) = postProject
		{A8002B22-94BE-B746-984D-BABDF67BDA82} = {A8002B22-94BE-B746-984D-BABDF67BDA82}
		{2AF59CA1-C7E8-1447-B8A9-2F9AAD664A3C} = {2AF59CA1-C7E8-1447-B8A9-2F9AAD664A3C}
		{EC731A80-33EE-6E4C-9F6D-CF0BEFF98A0E} = {EC731A80-33EE-6E4C-9F6D-CF0BEFF98A0E}
		{AD609702-D798-EE41-A792-59952F4FD957} = {AD609702-D798-EE41-A792-59952F4FD957}
	EndProjectSection
EndProject
Project("{8BC9CEB8-8B4A-11D0-8D11-00A0C91BC942}") = "Test_PhysicsClientTCP", "Test_PhysicsClientTCP.vcxproj", "{2A843DC0-A280-D547-91C1-B0725D81CFEC}"
	ProjectSection(ProjectDependencies) = postProject
		{6FC71387-872A-0345-907B-D9FB208125DD} = {6FC71387-872A-0345-907B-D9FB208125DD}
		{2AF59CA1-C7E8-1447-B8A9-2F9AAD664A3C} = {2AF59CA1-C7E8-1447-B8A9-2F9AAD664A3C}
		{EC731A80-33EE-6E4C-9F6D-CF0BEFF98A0E} = {EC731A80-33EE-6E4C-9F6D-CF0BEFF98A0E}
		{AD609702-D798-EE41-A792-59952F4FD957} = {AD609702-D798-EE41-A792-59952F4FD957}
	EndProjectSection
EndProject
Project("{8BC9CEB8-8B4A-11D0-8D11-00A0C91BC942}") = "Test_PhysicsServerLoopBack", "Test_PhysicsServerLoopBack.vcxproj", "{330166C7-2375-0A42-8F70-ECD25C8FB7B9}"
	ProjectSection(ProjectDependencies) = postProject
		{C3626BB1-29D4-E946-80CB-D5139F56DE7B} = {C3626BB1-29D4-E946-80CB-D5139F56DE7B}
		{D4B17798-295A-C44C-B009-66A45501A6DF} = {D4B17798-295A-C44C-B009-66A45501A6DF}
		{2AF59CA1-C7E8-1447-B8A9-2F9AAD664A3C} = {2AF59CA1-C7E8-1447-B8A9-2F9AAD664A3C}
		{C84EDAD5-4131-D040-B289-52382F51BCE1} = {C84EDAD5-4131-D040-B289-52382F51BCE1}
		{EC731A80-33EE-6E4C-9F6D-CF0BEFF98A0E} = {EC731A80-33EE-6E4C-9F6D-CF0BEFF98A0E}
		{87FCB533-1CC5-5845-A1C1-BFF5F3E94393} = {87FCB533-1CC5-5845-A1C1-BFF5F3E94393}
		{05047261-A5BE-C844-9068-1CE1DEFE41B3} = {05047261-A5BE-C844-9068-1CE1DEFE41B3}
		{8AFB2133-32F8-7844-B487-5E1109BF6492} = {8AFB2133-32F8-7844-B487-5E1109BF6492}
		{AD609702-D798-EE41-A792-59952F4FD957} = {AD609702-D798-EE41-A792-59952F4FD957}
	EndProjectSection
EndProject
Project("{8BC9CEB8-8B4A-11D0-8D11-00A0C91BC942}") = "Test_PhysicsServerDirect", "Test_PhysicsServerDirect.vcxproj", "{C961261B-5AEC-D24B-8973-9B3571123E7E}"
	ProjectSection(ProjectDependencies) = postProject
		{C3626BB1-29D4-E946-80CB-D5139F56DE7B} = {C3626BB1-29D4-E946-80CB-D5139F56DE7B}
		{D4B17798-295A-C44C-B009-66A45501A6DF} = {D4B17798-295A-C44C-B009-66A45501A6DF}
		{2AF59CA1-C7E8-1447-B8A9-2F9AAD664A3C} = {2AF59CA1-C7E8-1447-B8A9-2F9AAD664A3C}
		{C84EDAD5-4131-D040-B289-52382F51BCE1} = {C84EDAD5-4131-D040-B289-52382F51BCE1}
		{EC731A80-33EE-6E4C-9F6D-CF0BEFF98A0E} = {EC731A80-33EE-6E4C-9F6D-CF0BEFF98A0E}
		{87FCB533-1CC5-5845-A1C1-BFF5F3E94393} = {87FCB533-1CC5-5845-A1C1-BFF5F3E94393}
		{05047261-A5BE-C844-9068-1CE1DEFE41B3} = {05047261-A5BE-C844-9068-1CE1DEFE41B3}
		{8AFB2133-32F8-7844-B487-5E1109BF6492} = {8AFB2133-32F8-7844-B487-5E1109BF6492}
		{AD609702-D798-EE41-A792-59952F4FD957} = {AD609702-D798-EE41-A792-59952F4FD957}
	EndProjectSection
EndProject
Project("{8BC9CEB8-8B4A-11D0-8D11-00A0C91BC942}") = "Test_PhysicsServerInProcessExampleBrowser", "Test_PhysicsServerInProcessExampleBrowser.vcxproj", "{556E9292-0E62-DF4B-982B-B0B52AB86CDC}"
	ProjectSection(ProjectDependencies) = postProject
		{3EEA19D7-95E0-BD4F-BAB8-F57D6A74A38C} = {3EEA19D7-95E0-BD4F-BAB8-F57D6A74A38C}
		{09FF2220-06E0-724D-B096-D3ABD99C430B} = {09FF2220-06E0-724D-B096-D3ABD99C430B}
		{CF76430C-A886-BA44-9683-401D91ADC2C1} = {CF76430C-A886-BA44-9683-401D91ADC2C1}
		{2AF59CA1-C7E8-1447-B8A9-2F9AAD664A3C} = {2AF59CA1-C7E8-1447-B8A9-2F9AAD664A3C}
		{C84EDAD5-4131-D040-B289-52382F51BCE1} = {C84EDAD5-4131-D040-B289-52382F51BCE1}
		{53B9718B-26FB-204E-85A7-B4BB2D8C386A} = {53B9718B-26FB-204E-85A7-B4BB2D8C386A}
		{C3626BB1-29D4-E946-80CB-D5139F56DE7B} = {C3626BB1-29D4-E946-80CB-D5139F56DE7B}
		{D4B17798-295A-C44C-B009-66A45501A6DF} = {D4B17798-295A-C44C-B009-66A45501A6DF}
		{87FCB533-1CC5-5845-A1C1-BFF5F3E94393} = {87FCB533-1CC5-5845-A1C1-BFF5F3E94393}
		{05047261-A5BE-C844-9068-1CE1DEFE41B3} = {05047261-A5BE-C844-9068-1CE1DEFE41B3}
		{AD609702-D798-EE41-A792-59952F4FD957} = {AD609702-D798-EE41-A792-59952F4FD957}
		{8AFB2133-32F8-7844-B487-5E1109BF6492} = {8AFB2133-32F8-7844-B487-5E1109BF6492}
		{EC731A80-33EE-6E4C-9F6D-CF0BEFF98A0E} = {EC731A80-33EE-6E4C-9F6D-CF0BEFF98A0E}
		{34878E87-3367-1F48-99E4-75376CA3F1B5} = {34878E87-3367-1F48-99E4-75376CA3F1B5}
		{886B3700-FEEB-8B4D-B8D2-D87028F604D8} = {886B3700-FEEB-8B4D-B8D2-D87028F604D8}
		{A5DD5FAC-7E89-3141-9F29-D5AF3B392E85} = {A5DD5FAC-7E89-3141-9F29-D5AF3B392E85}
		{7DCFCDC7-F0DF-E042-8201-706970B03B47} = {7DCFCDC7-F0DF-E042-8201-706970B03B47}
	EndProjectSection
EndProject
Project("{8BC9CEB8-8B4A-11D0-8D11-00A0C91BC942}") = "rtMidiTest", "rtMidiTest.vcxproj", "{78502637-3EF9-B443-A91C-02E859B9BF13}"
EndProject
Project("{8BC9CEB8-8B4A-11D0-8D11-00A0C91BC942}") = "clsocket", "clsocket.vcxproj", "{6FC71387-872A-0345-907B-D9FB208125DD}"
EndProject
Project("{8BC9CEB8-8B4A-11D0-8D11-00A0C91BC942}") = "Test_clsocket_EchoServer", "Test_clsocket_EchoServer.vcxproj", "{EFAA1329-D205-7F43-A5AF-4F1466BE2B0D}"
	ProjectSection(ProjectDependencies) = postProject
		{6FC71387-872A-0345-907B-D9FB208125DD} = {6FC71387-872A-0345-907B-D9FB208125DD}
	EndProjectSection
EndProject
Project("{8BC9CEB8-8B4A-11D0-8D11-00A0C91BC942}") = "Test_clsocket_QueryDayTime", "Test_clsocket_QueryDayTime.vcxproj", "{D3D54B7E-12DA-434A-AEB0-8892D20FE61B}"
	ProjectSection(ProjectDependencies) = postProject
		{6FC71387-872A-0345-907B-D9FB208125DD} = {6FC71387-872A-0345-907B-D9FB208125DD}
	EndProjectSection
EndProject
Project("{8BC9CEB8-8B4A-11D0-8D11-00A0C91BC942}") = "enet", "enet.vcxproj", "{A8002B22-94BE-B746-984D-BABDF67BDA82}"
EndProject
Project("{8BC9CEB8-8B4A-11D0-8D11-00A0C91BC942}") = "Test_enet_nat_punchthrough_client", "Test_enet_nat_punchthrough_client.vcxproj", "{CD690A77-8378-6F4A-AC66-E1EE68623BF9}"
	ProjectSection(ProjectDependencies) = postProject
		{A8002B22-94BE-B746-984D-BABDF67BDA82} = {A8002B22-94BE-B746-984D-BABDF67BDA82}
	EndProjectSection
EndProject
Project("{8BC9CEB8-8B4A-11D0-8D11-00A0C91BC942}") = "Test_enet_nat_punchthrough_server", "Test_enet_nat_punchthrough_server.vcxproj", "{761C9489-56EA-B54E-B901-72C69FA41A82}"
	ProjectSection(ProjectDependencies) = postProject
		{A8002B22-94BE-B746-984D-BABDF67BDA82} = {A8002B22-94BE-B746-984D-BABDF67BDA82}
	EndProjectSection
EndProject
Project("{8BC9CEB8-8B4A-11D0-8D11-00A0C91BC942}") = "Test_enet_chat_client", "Test_enet_chat_client.vcxproj", "{1C9B84E8-054D-E147-ABFA-221EF5A062B2}"
	ProjectSection(ProjectDependencies) = postProject
		{A8002B22-94BE-B746-984D-BABDF67BDA82} = {A8002B22-94BE-B746-984D-BABDF67BDA82}
	EndProjectSection
EndProject
Project("{8BC9CEB8-8B4A-11D0-8D11-00A0C91BC942}") = "Test_enet_chat_server", "Test_enet_chat_server.vcxproj", "{9A2FBF58-F01B-DE46-8F9E-B6726CEF1F35}"
	ProjectSection(ProjectDependencies) = postProject
		{A8002B22-94BE-B746-984D-BABDF67BDA82} = {A8002B22-94BE-B746-984D-BABDF67BDA82}
	EndProjectSection
EndProject
Project("{8BC9CEB8-8B4A-11D0-8D11-00A0C91BC942}") = "Bullet3Common", "Bullet3Common.vcxproj", "{EC731A80-33EE-6E4C-9F6D-CF0BEFF98A0E}"
EndProject
Project("{8BC9CEB8-8B4A-11D0-8D11-00A0C91BC942}") = "Bullet3Geometry", "Bullet3Geometry.vcxproj", "{7DCFCDC7-F0DF-E042-8201-706970B03B47}"
EndProject
Project("{8BC9CEB8-8B4A-11D0-8D11-00A0C91BC942}") = "Bullet3Collision", "Bullet3Collision.vcxproj", "{A5DD5FAC-7E89-3141-9F29-D5AF3B392E85}"
EndProject
Project("{8BC9CEB8-8B4A-11D0-8D11-00A0C91BC942}") = "Bullet3Dynamics", "Bullet3Dynamics.vcxproj", "{886B3700-FEEB-8B4D-B8D2-D87028F604D8}"
EndProject
Project("{8BC9CEB8-8B4A-11D0-8D11-00A0C91BC942}") = "Bullet3OpenCL_clew", "Bullet3OpenCL_clew.vcxproj", "{34878E87-3367-1F48-99E4-75376CA3F1B5}"
EndProject
Project("{8BC9CEB8-8B4A-11D0-8D11-00A0C91BC942}") = "Bullet2FileLoader", "Bullet2FileLoader.vcxproj", "{024E7766-F172-4448-B995-0AB307C07C53}"
EndProject
Project("{8BC9CEB8-8B4A-11D0-8D11-00A0C91BC942}") = "HACD", "HACD.vcxproj", "{642B07BC-60CB-DB4F-8BCE-D484F64DDDAB}"
EndProject
Project("{8BC9CEB8-8B4A-11D0-8D11-00A0C91BC942}") = "vhacd", "vhacd.vcxproj", "{9C64DA39-6324-E248-AAF1-D41BA69BE78A}"
EndProject
Project("{8BC9CEB8-8B4A-11D0-8D11-00A0C91BC942}") = "test_vhacd", "test_vhacd.vcxproj", "{8B825AC1-A88C-464C-9EC0-463E99B275DA}"
	ProjectSection(ProjectDependencies) = postProject
		{9C64DA39-6324-E248-AAF1-D41BA69BE78A} = {9C64DA39-6324-E248-AAF1-D41BA69BE78A}
	EndProjectSection
EndProject
Project("{8BC9CEB8-8B4A-11D0-8D11-00A0C91BC942}") = "ConvexDecomposition", "ConvexDecomposition.vcxproj", "{CEE69D36-4BAF-B046-B363-8F040E1E9A87}"
EndProject
Project("{8BC9CEB8-8B4A-11D0-8D11-00A0C91BC942}") = "BulletInverseDynamicsUtils", "BulletInverseDynamicsUtils.vcxproj", "{C3626BB1-29D4-E946-80CB-D5139F56DE7B}"
EndProject
Project("{8BC9CEB8-8B4A-11D0-8D11-00A0C91BC942}") = "BulletFileLoader", "BulletFileLoader.vcxproj", "{2AF59CA1-C7E8-1447-B8A9-2F9AAD664A3C}"
EndProject
Project("{8BC9CEB8-8B4A-11D0-8D11-00A0C91BC942}") = "BulletWorldImporter", "BulletWorldImporter.vcxproj", "{C84EDAD5-4131-D040-B289-52382F51BCE1}"
EndProject
Project("{8BC9CEB8-8B4A-11D0-8D11-00A0C91BC942}") = "BulletXmlWorldImporter", "BulletXmlWorldImporter.vcxproj", "{4A47C452-E3EC-E84E-91CC-4D1098E94D6B}"
EndProject
Project("{8BC9CEB8-8B4A-11D0-8D11-00A0C91BC942}") = "App_obj2sdf", "App_obj2sdf.vcxproj", "{D8B47939-3B20-5F45-B32E-F3E3795B87D6}"
	ProjectSection(ProjectDependencies) = postProject
		{EC731A80-33EE-6E4C-9F6D-CF0BEFF98A0E} = {EC731A80-33EE-6E4C-9F6D-CF0BEFF98A0E}
	EndProjectSection
EndProject
Project("{8BC9CEB8-8B4A-11D0-8D11-00A0C91BC942}") = "Test_LinearMath", "Test_LinearMath.vcxproj", "{33A403EB-D4DC-D244-B316-8F76F68A895E}"
	ProjectSection(ProjectDependencies) = postProject
		{87FCB533-1CC5-5845-A1C1-BFF5F3E94393} = {87FCB533-1CC5-5845-A1C1-BFF5F3E94393}
		{05047261-A5BE-C844-9068-1CE1DEFE41B3} = {05047261-A5BE-C844-9068-1CE1DEFE41B3}
		{AD609702-D798-EE41-A792-59952F4FD957} = {AD609702-D798-EE41-A792-59952F4FD957}
	EndProjectSection
EndProject
Project("{8BC9CEB8-8B4A-11D0-8D11-00A0C91BC942}") = "gtest", "gtest.vcxproj", "{FC6DCFAE-FCA2-9940-BB39-813ABF37CB08}"
EndProject
Project("{8BC9CEB8-8B4A-11D0-8D11-00A0C91BC942}") = "Test_BulletCollision", "Test_BulletCollision.vcxproj", "{94C7DA9A-59E0-5F44-8AF7-E28D66154893}"
	ProjectSection(ProjectDependencies) = postProject
		{AD609702-D798-EE41-A792-59952F4FD957} = {AD609702-D798-EE41-A792-59952F4FD957}
		{FC6DCFAE-FCA2-9940-BB39-813ABF37CB08} = {FC6DCFAE-FCA2-9940-BB39-813ABF37CB08}
	EndProjectSection
EndProject
Project("{8BC9CEB8-8B4A-11D0-8D11-00A0C91BC942}") = "Test_BulletDynamics", "Test_BulletDynamics.vcxproj", "{D3F1AC77-19AE-004D-AE1C-A6D8C3B1DE87}"
	ProjectSection(ProjectDependencies) = postProject
		{87FCB533-1CC5-5845-A1C1-BFF5F3E94393} = {87FCB533-1CC5-5845-A1C1-BFF5F3E94393}
		{05047261-A5BE-C844-9068-1CE1DEFE41B3} = {05047261-A5BE-C844-9068-1CE1DEFE41B3}
		{AD609702-D798-EE41-A792-59952F4FD957} = {AD609702-D798-EE41-A792-59952F4FD957}
		{FC6DCFAE-FCA2-9940-BB39-813ABF37CB08} = {FC6DCFAE-FCA2-9940-BB39-813ABF37CB08}
	EndProjectSection
EndProject
Project("{8BC9CEB8-8B4A-11D0-8D11-00A0C91BC942}") = "Test_InverseDynamicsKinematics", "Test_InverseDynamicsKinematics.vcxproj", "{608ACADC-E8C8-6E42-B1D7-1DC7F14F66EF}"
	ProjectSection(ProjectDependencies) = postProject
		{C3626BB1-29D4-E946-80CB-D5139F56DE7B} = {C3626BB1-29D4-E946-80CB-D5139F56DE7B}
		{D4B17798-295A-C44C-B009-66A45501A6DF} = {D4B17798-295A-C44C-B009-66A45501A6DF}
		{EC731A80-33EE-6E4C-9F6D-CF0BEFF98A0E} = {EC731A80-33EE-6E4C-9F6D-CF0BEFF98A0E}
		{AD609702-D798-EE41-A792-59952F4FD957} = {AD609702-D798-EE41-A792-59952F4FD957}
		{FC6DCFAE-FCA2-9940-BB39-813ABF37CB08} = {FC6DCFAE-FCA2-9940-BB39-813ABF37CB08}
	EndProjectSection
EndProject
Project("{8BC9CEB8-8B4A-11D0-8D11-00A0C91BC942}") = "Test_InverseDynamicsJacobian", "Test_InverseDynamicsJacobian.vcxproj", "{21174C27-04BF-4940-B70D-D648CED07A0F}"
	ProjectSection(ProjectDependencies) = postProject
		{C3626BB1-29D4-E946-80CB-D5139F56DE7B} = {C3626BB1-29D4-E946-80CB-D5139F56DE7B}
		{D4B17798-295A-C44C-B009-66A45501A6DF} = {D4B17798-295A-C44C-B009-66A45501A6DF}
		{EC731A80-33EE-6E4C-9F6D-CF0BEFF98A0E} = {EC731A80-33EE-6E4C-9F6D-CF0BEFF98A0E}
		{AD609702-D798-EE41-A792-59952F4FD957} = {AD609702-D798-EE41-A792-59952F4FD957}
		{FC6DCFAE-FCA2-9940-BB39-813ABF37CB08} = {FC6DCFAE-FCA2-9940-BB39-813ABF37CB08}
	EndProjectSection
EndProject
Project("{8BC9CEB8-8B4A-11D0-8D11-00A0C91BC942}") = "Test_InverseForwardDynamics", "Test_InverseForwardDynamics.vcxproj", "{00658D73-848B-8F4C-B57B-34B8DBA26A84}"
	ProjectSection(ProjectDependencies) = postProject
		{87FCB533-1CC5-5845-A1C1-BFF5F3E94393} = {87FCB533-1CC5-5845-A1C1-BFF5F3E94393}
		{05047261-A5BE-C844-9068-1CE1DEFE41B3} = {05047261-A5BE-C844-9068-1CE1DEFE41B3}
		{C3626BB1-29D4-E946-80CB-D5139F56DE7B} = {C3626BB1-29D4-E946-80CB-D5139F56DE7B}
		{D4B17798-295A-C44C-B009-66A45501A6DF} = {D4B17798-295A-C44C-B009-66A45501A6DF}
		{EC731A80-33EE-6E4C-9F6D-CF0BEFF98A0E} = {EC731A80-33EE-6E4C-9F6D-CF0BEFF98A0E}
		{AD609702-D798-EE41-A792-59952F4FD957} = {AD609702-D798-EE41-A792-59952F4FD957}
		{FC6DCFAE-FCA2-9940-BB39-813ABF37CB08} = {FC6DCFAE-FCA2-9940-BB39-813ABF37CB08}
	EndProjectSection
EndProject
Project("{8BC9CEB8-8B4A-11D0-8D11-00A0C91BC942}") = "Test_OpenCL_Bullet3", "Test_OpenCL_Bullet3.vcxproj", "{DA23953B-FA03-1447-85C0-8AF3B23AEF82}"
	ProjectSection(ProjectDependencies) = postProject
		{FC6DCFAE-FCA2-9940-BB39-813ABF37CB08} = {FC6DCFAE-FCA2-9940-BB39-813ABF37CB08}
		{34878E87-3367-1F48-99E4-75376CA3F1B5} = {34878E87-3367-1F48-99E4-75376CA3F1B5}
		{EC731A80-33EE-6E4C-9F6D-CF0BEFF98A0E} = {EC731A80-33EE-6E4C-9F6D-CF0BEFF98A0E}
	EndProjectSection
EndProject
Project("{8BC9CEB8-8B4A-11D0-8D11-00A0C91BC942}") = "Test_Gwen_OpenGL", "Test_Gwen_OpenGL.vcxproj", "{BAB24143-6DAF-D345-BE03-EF7CCFE8BE4D}"
	ProjectSection(ProjectDependencies) = postProject
		{09FF2220-06E0-724D-B096-D3ABD99C430B} = {09FF2220-06E0-724D-B096-D3ABD99C430B}
		{EC731A80-33EE-6E4C-9F6D-CF0BEFF98A0E} = {EC731A80-33EE-6E4C-9F6D-CF0BEFF98A0E}
	EndProjectSection
EndProject
Project("{8BC9CEB8-8B4A-11D0-8D11-00A0C91BC942}") = "BulletInverseDynamics", "BulletInverseDynamics.vcxproj", "{D4B17798-295A-C44C-B009-66A45501A6DF}"
EndProject
Project("{8BC9CEB8-8B4A-11D0-8D11-00A0C91BC942}") = "BulletSoftBody", "BulletSoftBody.vcxproj", "{53B9718B-26FB-204E-85A7-B4BB2D8C386A}"
EndProject
Project("{8BC9CEB8-8B4A-11D0-8D11-00A0C91BC942}") = "BulletDynamics", "BulletDynamics.vcxproj", "{87FCB533-1CC5-5845-A1C1-BFF5F3E94393}"
EndProject
Project("{8BC9CEB8-8B4A-11D0-8D11-00A0C91BC942}") = "BulletCollision", "BulletCollision.vcxproj", "{05047261-A5BE-C844-9068-1CE1DEFE41B3}"
EndProject
Project("{8BC9CEB8-8B4A-11D0-8D11-00A0C91BC942}") = "LinearMath", "LinearMath.vcxproj", "{AD609702-D798-EE41-A792-59952F4FD957}"
EndProject
Global
	GlobalSection(SolutionConfigurationPlatforms) = preSolution
		Release|Win32 = Release|Win32
		Release|x64 = Release|x64
		Debug|Win32 = Debug|Win32
		Debug|x64 = Debug|x64
	EndGlobalSection
	GlobalSection(ProjectConfigurationPlatforms) = postSolution
		{912D3BAE-8F61-744F-9326-2CD8CCD92B35}.Release|Win32.ActiveCfg = Release|Win32
		{912D3BAE-8F61-744F-9326-2CD8CCD92B35}.Release|Win32.Build.0 = Release|Win32
		{912D3BAE-8F61-744F-9326-2CD8CCD92B35}.Release|x64.ActiveCfg = Release|x64
		{912D3BAE-8F61-744F-9326-2CD8CCD92B35}.Release|x64.Build.0 = Release|x64
		{912D3BAE-8F61-744F-9326-2CD8CCD92B35}.Debug|Win32.ActiveCfg = Debug|Win32
		{912D3BAE-8F61-744F-9326-2CD8CCD92B35}.Debug|Win32.Build.0 = Debug|Win32
		{912D3BAE-8F61-744F-9326-2CD8CCD92B35}.Debug|x64.ActiveCfg = Debug|x64
		{912D3BAE-8F61-744F-9326-2CD8CCD92B35}.Debug|x64.Build.0 = Debug|x64
		{3EEA19D7-95E0-BD4F-BAB8-F57D6A74A38C}.Release|Win32.ActiveCfg = Release|Win32
		{3EEA19D7-95E0-BD4F-BAB8-F57D6A74A38C}.Release|Win32.Build.0 = Release|Win32
		{3EEA19D7-95E0-BD4F-BAB8-F57D6A74A38C}.Release|x64.ActiveCfg = Release|x64
		{3EEA19D7-95E0-BD4F-BAB8-F57D6A74A38C}.Release|x64.Build.0 = Release|x64
		{3EEA19D7-95E0-BD4F-BAB8-F57D6A74A38C}.Debug|Win32.ActiveCfg = Debug|Win32
		{3EEA19D7-95E0-BD4F-BAB8-F57D6A74A38C}.Debug|Win32.Build.0 = Debug|Win32
		{3EEA19D7-95E0-BD4F-BAB8-F57D6A74A38C}.Debug|x64.ActiveCfg = Debug|x64
		{3EEA19D7-95E0-BD4F-BAB8-F57D6A74A38C}.Debug|x64.Build.0 = Debug|x64
		{5381ADC3-307E-9945-8232-986520C89DBE}.Release|Win32.ActiveCfg = Release|Win32
		{5381ADC3-307E-9945-8232-986520C89DBE}.Release|Win32.Build.0 = Release|Win32
		{5381ADC3-307E-9945-8232-986520C89DBE}.Release|x64.ActiveCfg = Release|x64
		{5381ADC3-307E-9945-8232-986520C89DBE}.Release|x64.Build.0 = Release|x64
		{5381ADC3-307E-9945-8232-986520C89DBE}.Debug|Win32.ActiveCfg = Debug|Win32
		{5381ADC3-307E-9945-8232-986520C89DBE}.Debug|Win32.Build.0 = Debug|Win32
		{5381ADC3-307E-9945-8232-986520C89DBE}.Debug|x64.ActiveCfg = Debug|x64
		{5381ADC3-307E-9945-8232-986520C89DBE}.Debug|x64.Build.0 = Debug|x64
		{CF76430C-A886-BA44-9683-401D91ADC2C1}.Release|Win32.ActiveCfg = Release|Win32
		{CF76430C-A886-BA44-9683-401D91ADC2C1}.Release|Win32.Build.0 = Release|Win32
		{CF76430C-A886-BA44-9683-401D91ADC2C1}.Release|x64.ActiveCfg = Release|x64
		{CF76430C-A886-BA44-9683-401D91ADC2C1}.Release|x64.Build.0 = Release|x64
		{CF76430C-A886-BA44-9683-401D91ADC2C1}.Debug|Win32.ActiveCfg = Debug|Win32
		{CF76430C-A886-BA44-9683-401D91ADC2C1}.Debug|Win32.Build.0 = Debug|Win32
		{CF76430C-A886-BA44-9683-401D91ADC2C1}.Debug|x64.ActiveCfg = Debug|x64
		{CF76430C-A886-BA44-9683-401D91ADC2C1}.Debug|x64.Build.0 = Debug|x64
		{09FF2220-06E0-724D-B096-D3ABD99C430B}.Release|Win32.ActiveCfg = Release|Win32
		{09FF2220-06E0-724D-B096-D3ABD99C430B}.Release|Win32.Build.0 = Release|Win32
		{09FF2220-06E0-724D-B096-D3ABD99C430B}.Release|x64.ActiveCfg = Release|x64
		{09FF2220-06E0-724D-B096-D3ABD99C430B}.Release|x64.Build.0 = Release|x64
		{09FF2220-06E0-724D-B096-D3ABD99C430B}.Debug|Win32.ActiveCfg = Debug|Win32
		{09FF2220-06E0-724D-B096-D3ABD99C430B}.Debug|Win32.Build.0 = Debug|Win32
		{09FF2220-06E0-724D-B096-D3ABD99C430B}.Debug|x64.ActiveCfg = Debug|x64
		{09FF2220-06E0-724D-B096-D3ABD99C430B}.Debug|x64.Build.0 = Debug|x64
		{67481182-AF10-6B4B-92D5-3D6355A71A76}.Release|Win32.ActiveCfg = Release|Win32
		{67481182-AF10-6B4B-92D5-3D6355A71A76}.Release|Win32.Build.0 = Release|Win32
		{67481182-AF10-6B4B-92D5-3D6355A71A76}.Release|x64.ActiveCfg = Release|x64
		{67481182-AF10-6B4B-92D5-3D6355A71A76}.Release|x64.Build.0 = Release|x64
		{67481182-AF10-6B4B-92D5-3D6355A71A76}.Debug|Win32.ActiveCfg = Debug|Win32
		{67481182-AF10-6B4B-92D5-3D6355A71A76}.Debug|Win32.Build.0 = Debug|Win32
		{67481182-AF10-6B4B-92D5-3D6355A71A76}.Debug|x64.ActiveCfg = Debug|x64
		{67481182-AF10-6B4B-92D5-3D6355A71A76}.Debug|x64.Build.0 = Debug|x64
		{E54211EF-B4D0-124B-820D-9CE1FD3E2E3C}.Release|Win32.ActiveCfg = Release|Win32
		{E54211EF-B4D0-124B-820D-9CE1FD3E2E3C}.Release|Win32.Build.0 = Release|Win32
		{E54211EF-B4D0-124B-820D-9CE1FD3E2E3C}.Release|x64.ActiveCfg = Release|x64
		{E54211EF-B4D0-124B-820D-9CE1FD3E2E3C}.Release|x64.Build.0 = Release|x64
		{E54211EF-B4D0-124B-820D-9CE1FD3E2E3C}.Debug|Win32.ActiveCfg = Debug|Win32
		{E54211EF-B4D0-124B-820D-9CE1FD3E2E3C}.Debug|Win32.Build.0 = Debug|Win32
		{E54211EF-B4D0-124B-820D-9CE1FD3E2E3C}.Debug|x64.ActiveCfg = Debug|x64
		{E54211EF-B4D0-124B-820D-9CE1FD3E2E3C}.Debug|x64.Build.0 = Debug|x64
		{5212F0E2-24DC-1548-BBA7-194B00E442D0}.Release|Win32.ActiveCfg = Release|Win32
		{5212F0E2-24DC-1548-BBA7-194B00E442D0}.Release|Win32.Build.0 = Release|Win32
		{5212F0E2-24DC-1548-BBA7-194B00E442D0}.Release|x64.ActiveCfg = Release|x64
		{5212F0E2-24DC-1548-BBA7-194B00E442D0}.Release|x64.Build.0 = Release|x64
		{5212F0E2-24DC-1548-BBA7-194B00E442D0}.Debug|Win32.ActiveCfg = Debug|Win32
		{5212F0E2-24DC-1548-BBA7-194B00E442D0}.Debug|Win32.Build.0 = Debug|Win32
		{5212F0E2-24DC-1548-BBA7-194B00E442D0}.Debug|x64.ActiveCfg = Debug|x64
		{5212F0E2-24DC-1548-BBA7-194B00E442D0}.Debug|x64.Build.0 = Debug|x64
		{7B7F012E-B384-844F-BF55-43F9F9753AD0}.Release|Win32.ActiveCfg = Release|Win32
		{7B7F012E-B384-844F-BF55-43F9F9753AD0}.Release|Win32.Build.0 = Release|Win32
		{7B7F012E-B384-844F-BF55-43F9F9753AD0}.Release|x64.ActiveCfg = Release|x64
		{7B7F012E-B384-844F-BF55-43F9F9753AD0}.Release|x64.Build.0 = Release|x64
		{7B7F012E-B384-844F-BF55-43F9F9753AD0}.Debug|Win32.ActiveCfg = Debug|Win32
		{7B7F012E-B384-844F-BF55-43F9F9753AD0}.Debug|Win32.Build.0 = Debug|Win32
		{7B7F012E-B384-844F-BF55-43F9F9753AD0}.Debug|x64.ActiveCfg = Debug|x64
		{7B7F012E-B384-844F-BF55-43F9F9753AD0}.Debug|x64.Build.0 = Debug|x64
		{6E6BD877-1ACF-CA46-9A31-54CA6A01EA82}.Release|Win32.ActiveCfg = Release|Win32
		{6E6BD877-1ACF-CA46-9A31-54CA6A01EA82}.Release|Win32.Build.0 = Release|Win32
		{6E6BD877-1ACF-CA46-9A31-54CA6A01EA82}.Release|x64.ActiveCfg = Release|x64
		{6E6BD877-1ACF-CA46-9A31-54CA6A01EA82}.Release|x64.Build.0 = Release|x64
		{6E6BD877-1ACF-CA46-9A31-54CA6A01EA82}.Debug|Win32.ActiveCfg = Debug|Win32
		{6E6BD877-1ACF-CA46-9A31-54CA6A01EA82}.Debug|Win32.Build.0 = Debug|Win32
		{6E6BD877-1ACF-CA46-9A31-54CA6A01EA82}.Debug|x64.ActiveCfg = Debug|x64
		{6E6BD877-1ACF-CA46-9A31-54CA6A01EA82}.Debug|x64.Build.0 = Debug|x64
		{2712304C-05B5-A843-A49B-16ED4636FFB3}.Release|Win32.ActiveCfg = Release|Win32
		{2712304C-05B5-A843-A49B-16ED4636FFB3}.Release|Win32.Build.0 = Release|Win32
		{2712304C-05B5-A843-A49B-16ED4636FFB3}.Release|x64.ActiveCfg = Release|x64
		{2712304C-05B5-A843-A49B-16ED4636FFB3}.Release|x64.Build.0 = Release|x64
		{2712304C-05B5-A843-A49B-16ED4636FFB3}.Debug|Win32.ActiveCfg = Debug|Win32
		{2712304C-05B5-A843-A49B-16ED4636FFB3}.Debug|Win32.Build.0 = Debug|Win32
		{2712304C-05B5-A843-A49B-16ED4636FFB3}.Debug|x64.ActiveCfg = Debug|x64
		{2712304C-05B5-A843-A49B-16ED4636FFB3}.Debug|x64.Build.0 = Debug|x64
		{9237883A-768C-6A40-A491-5E3E8929861B}.Release|Win32.ActiveCfg = Release|Win32
		{9237883A-768C-6A40-A491-5E3E8929861B}.Release|Win32.Build.0 = Release|Win32
		{9237883A-768C-6A40-A491-5E3E8929861B}.Release|x64.ActiveCfg = Release|x64
		{9237883A-768C-6A40-A491-5E3E8929861B}.Release|x64.Build.0 = Release|x64
		{9237883A-768C-6A40-A491-5E3E8929861B}.Debug|Win32.ActiveCfg = Debug|Win32
		{9237883A-768C-6A40-A491-5E3E8929861B}.Debug|Win32.Build.0 = Debug|Win32
		{9237883A-768C-6A40-A491-5E3E8929861B}.Debug|x64.ActiveCfg = Debug|x64
		{9237883A-768C-6A40-A491-5E3E8929861B}.Debug|x64.Build.0 = Debug|x64
		{DFA5F708-13A1-584B-A10B-03C4F9C77D8E}.Release|Win32.ActiveCfg = Release|Win32
		{DFA5F708-13A1-584B-A10B-03C4F9C77D8E}.Release|Win32.Build.0 = Release|Win32
		{DFA5F708-13A1-584B-A10B-03C4F9C77D8E}.Release|x64.ActiveCfg = Release|x64
		{DFA5F708-13A1-584B-A10B-03C4F9C77D8E}.Release|x64.Build.0 = Release|x64
		{DFA5F708-13A1-584B-A10B-03C4F9C77D8E}.Debug|Win32.ActiveCfg = Debug|Win32
		{DFA5F708-13A1-584B-A10B-03C4F9C77D8E}.Debug|Win32.Build.0 = Debug|Win32
		{DFA5F708-13A1-584B-A10B-03C4F9C77D8E}.Debug|x64.ActiveCfg = Debug|x64
		{DFA5F708-13A1-584B-A10B-03C4F9C77D8E}.Debug|x64.Build.0 = Debug|x64
		{359CCFA4-4385-224A-BCF8-657D24F680AE}.Release|Win32.ActiveCfg = Release|Win32
		{359CCFA4-4385-224A-BCF8-657D24F680AE}.Release|Win32.Build.0 = Release|Win32
		{359CCFA4-4385-224A-BCF8-657D24F680AE}.Release|x64.ActiveCfg = Release|x64
		{359CCFA4-4385-224A-BCF8-657D24F680AE}.Release|x64.Build.0 = Release|x64
		{359CCFA4-4385-224A-BCF8-657D24F680AE}.Debug|Win32.ActiveCfg = Debug|Win32
		{359CCFA4-4385-224A-BCF8-657D24F680AE}.Debug|Win32.Build.0 = Debug|Win32
		{359CCFA4-4385-224A-BCF8-657D24F680AE}.Debug|x64.ActiveCfg = Debug|x64
		{359CCFA4-4385-224A-BCF8-657D24F680AE}.Debug|x64.Build.0 = Debug|x64
		{B391C292-3E14-AC4A-B3FE-8C91F0798C9D}.Release|Win32.ActiveCfg = Release|Win32
		{B391C292-3E14-AC4A-B3FE-8C91F0798C9D}.Release|Win32.Build.0 = Release|Win32
		{B391C292-3E14-AC4A-B3FE-8C91F0798C9D}.Release|x64.ActiveCfg = Release|x64
		{B391C292-3E14-AC4A-B3FE-8C91F0798C9D}.Release|x64.Build.0 = Release|x64
		{B391C292-3E14-AC4A-B3FE-8C91F0798C9D}.Debug|Win32.ActiveCfg = Debug|Win32
		{B391C292-3E14-AC4A-B3FE-8C91F0798C9D}.Debug|Win32.Build.0 = Debug|Win32
		{B391C292-3E14-AC4A-B3FE-8C91F0798C9D}.Debug|x64.ActiveCfg = Debug|x64
		{B391C292-3E14-AC4A-B3FE-8C91F0798C9D}.Debug|x64.Build.0 = Debug|x64
		{8AFB2133-32F8-7844-B487-5E1109BF6492}.Release|Win32.ActiveCfg = Release|Win32
		{8AFB2133-32F8-7844-B487-5E1109BF6492}.Release|Win32.Build.0 = Release|Win32
		{8AFB2133-32F8-7844-B487-5E1109BF6492}.Release|x64.ActiveCfg = Release|x64
		{8AFB2133-32F8-7844-B487-5E1109BF6492}.Release|x64.Build.0 = Release|x64
		{8AFB2133-32F8-7844-B487-5E1109BF6492}.Debug|Win32.ActiveCfg = Debug|Win32
		{8AFB2133-32F8-7844-B487-5E1109BF6492}.Debug|Win32.Build.0 = Debug|Win32
		{8AFB2133-32F8-7844-B487-5E1109BF6492}.Debug|x64.ActiveCfg = Debug|x64
		{8AFB2133-32F8-7844-B487-5E1109BF6492}.Debug|x64.Build.0 = Debug|x64
		{87C46F38-1A3B-5244-B7E0-92CF87144839}.Release|Win32.ActiveCfg = Release|Win32
		{87C46F38-1A3B-5244-B7E0-92CF87144839}.Release|Win32.Build.0 = Release|Win32
		{87C46F38-1A3B-5244-B7E0-92CF87144839}.Release|x64.ActiveCfg = Release|x64
		{87C46F38-1A3B-5244-B7E0-92CF87144839}.Release|x64.Build.0 = Release|x64
		{87C46F38-1A3B-5244-B7E0-92CF87144839}.Debug|Win32.ActiveCfg = Debug|Win32
		{87C46F38-1A3B-5244-B7E0-92CF87144839}.Debug|Win32.Build.0 = Debug|Win32
		{87C46F38-1A3B-5244-B7E0-92CF87144839}.Debug|x64.ActiveCfg = Debug|x64
		{87C46F38-1A3B-5244-B7E0-92CF87144839}.Debug|x64.Build.0 = Debug|x64
		{42D441BD-2313-084C-B0B9-446587ECC0C3}.Release|Win32.ActiveCfg = Release|Win32
		{42D441BD-2313-084C-B0B9-446587ECC0C3}.Release|Win32.Build.0 = Release|Win32
		{42D441BD-2313-084C-B0B9-446587ECC0C3}.Release|x64.ActiveCfg = Release|x64
		{42D441BD-2313-084C-B0B9-446587ECC0C3}.Release|x64.Build.0 = Release|x64
		{42D441BD-2313-084C-B0B9-446587ECC0C3}.Debug|Win32.ActiveCfg = Debug|Win32
		{42D441BD-2313-084C-B0B9-446587ECC0C3}.Debug|Win32.Build.0 = Debug|Win32
		{42D441BD-2313-084C-B0B9-446587ECC0C3}.Debug|x64.ActiveCfg = Debug|x64
		{42D441BD-2313-084C-B0B9-446587ECC0C3}.Debug|x64.Build.0 = Debug|x64
		{39C86D68-BB8D-164F-970D-387C6BBF9A00}.Release|Win32.ActiveCfg = Release|Win32
		{39C86D68-BB8D-164F-970D-387C6BBF9A00}.Release|Win32.Build.0 = Release|Win32
		{39C86D68-BB8D-164F-970D-387C6BBF9A00}.Release|x64.ActiveCfg = Release|x64
		{39C86D68-BB8D-164F-970D-387C6BBF9A00}.Release|x64.Build.0 = Release|x64
		{39C86D68-BB8D-164F-970D-387C6BBF9A00}.Debug|Win32.ActiveCfg = Debug|Win32
		{39C86D68-BB8D-164F-970D-387C6BBF9A00}.Debug|Win32.Build.0 = Debug|Win32
		{39C86D68-BB8D-164F-970D-387C6BBF9A00}.Debug|x64.ActiveCfg = Debug|x64
		{39C86D68-BB8D-164F-970D-387C6BBF9A00}.Debug|x64.Build.0 = Debug|x64
		{3F87A942-39E6-E54D-A538-AD253F931DB3}.Release|Win32.ActiveCfg = Release|Win32
		{3F87A942-39E6-E54D-A538-AD253F931DB3}.Release|Win32.Build.0 = Release|Win32
		{3F87A942-39E6-E54D-A538-AD253F931DB3}.Release|x64.ActiveCfg = Release|x64
		{3F87A942-39E6-E54D-A538-AD253F931DB3}.Release|x64.Build.0 = Release|x64
		{3F87A942-39E6-E54D-A538-AD253F931DB3}.Debug|Win32.ActiveCfg = Debug|Win32
		{3F87A942-39E6-E54D-A538-AD253F931DB3}.Debug|Win32.Build.0 = Debug|Win32
		{3F87A942-39E6-E54D-A538-AD253F931DB3}.Debug|x64.ActiveCfg = Debug|x64
		{3F87A942-39E6-E54D-A538-AD253F931DB3}.Debug|x64.Build.0 = Debug|x64
		{2A843DC0-A280-D547-91C1-B0725D81CFEC}.Release|Win32.ActiveCfg = Release|Win32
		{2A843DC0-A280-D547-91C1-B0725D81CFEC}.Release|Win32.Build.0 = Release|Win32
		{2A843DC0-A280-D547-91C1-B0725D81CFEC}.Release|x64.ActiveCfg = Release|x64
		{2A843DC0-A280-D547-91C1-B0725D81CFEC}.Release|x64.Build.0 = Release|x64
		{2A843DC0-A280-D547-91C1-B0725D81CFEC}.Debug|Win32.ActiveCfg = Debug|Win32
		{2A843DC0-A280-D547-91C1-B0725D81CFEC}.Debug|Win32.Build.0 = Debug|Win32
		{2A843DC0-A280-D547-91C1-B0725D81CFEC}.Debug|x64.ActiveCfg = Debug|x64
		{2A843DC0-A280-D547-91C1-B0725D81CFEC}.Debug|x64.Build.0 = Debug|x64
		{330166C7-2375-0A42-8F70-ECD25C8FB7B9}.Release|Win32.ActiveCfg = Release|Win32
		{330166C7-2375-0A42-8F70-ECD25C8FB7B9}.Release|Win32.Build.0 = Release|Win32
		{330166C7-2375-0A42-8F70-ECD25C8FB7B9}.Release|x64.ActiveCfg = Release|x64
		{330166C7-2375-0A42-8F70-ECD25C8FB7B9}.Release|x64.Build.0 = Release|x64
		{330166C7-2375-0A42-8F70-ECD25C8FB7B9}.Debug|Win32.ActiveCfg = Debug|Win32
		{330166C7-2375-0A42-8F70-ECD25C8FB7B9}.Debug|Win32.Build.0 = Debug|Win32
		{330166C7-2375-0A42-8F70-ECD25C8FB7B9}.Debug|x64.ActiveCfg = Debug|x64
		{330166C7-2375-0A42-8F70-ECD25C8FB7B9}.Debug|x64.Build.0 = Debug|x64
		{C961261B-5AEC-D24B-8973-9B3571123E7E}.Release|Win32.ActiveCfg = Release|Win32
		{C961261B-5AEC-D24B-8973-9B3571123E7E}.Release|Win32.Build.0 = Release|Win32
		{C961261B-5AEC-D24B-8973-9B3571123E7E}.Release|x64.ActiveCfg = Release|x64
		{C961261B-5AEC-D24B-8973-9B3571123E7E}.Release|x64.Build.0 = Release|x64
		{C961261B-5AEC-D24B-8973-9B3571123E7E}.Debug|Win32.ActiveCfg = Debug|Win32
		{C961261B-5AEC-D24B-8973-9B3571123E7E}.Debug|Win32.Build.0 = Debug|Win32
		{C961261B-5AEC-D24B-8973-9B3571123E7E}.Debug|x64.ActiveCfg = Debug|x64
		{C961261B-5AEC-D24B-8973-9B3571123E7E}.Debug|x64.Build.0 = Debug|x64
		{556E9292-0E62-DF4B-982B-B0B52AB86CDC}.Release|Win32.ActiveCfg = Release|Win32
		{556E9292-0E62-DF4B-982B-B0B52AB86CDC}.Release|Win32.Build.0 = Release|Win32
		{556E9292-0E62-DF4B-982B-B0B52AB86CDC}.Release|x64.ActiveCfg = Release|x64
		{556E9292-0E62-DF4B-982B-B0B52AB86CDC}.Release|x64.Build.0 = Release|x64
		{556E9292-0E62-DF4B-982B-B0B52AB86CDC}.Debug|Win32.ActiveCfg = Debug|Win32
		{556E9292-0E62-DF4B-982B-B0B52AB86CDC}.Debug|Win32.Build.0 = Debug|Win32
		{556E9292-0E62-DF4B-982B-B0B52AB86CDC}.Debug|x64.ActiveCfg = Debug|x64
		{556E9292-0E62-DF4B-982B-B0B52AB86CDC}.Debug|x64.Build.0 = Debug|x64
		{78502637-3EF9-B443-A91C-02E859B9BF13}.Release|Win32.ActiveCfg = Release|Win32
		{78502637-3EF9-B443-A91C-02E859B9BF13}.Release|Win32.Build.0 = Release|Win32
		{78502637-3EF9-B443-A91C-02E859B9BF13}.Release|x64.ActiveCfg = Release|x64
		{78502637-3EF9-B443-A91C-02E859B9BF13}.Release|x64.Build.0 = Release|x64
		{78502637-3EF9-B443-A91C-02E859B9BF13}.Debug|Win32.ActiveCfg = Debug|Win32
		{78502637-3EF9-B443-A91C-02E859B9BF13}.Debug|Win32.Build.0 = Debug|Win32
		{78502637-3EF9-B443-A91C-02E859B9BF13}.Debug|x64.ActiveCfg = Debug|x64
		{78502637-3EF9-B443-A91C-02E859B9BF13}.Debug|x64.Build.0 = Debug|x64
		{6FC71387-872A-0345-907B-D9FB208125DD}.Release|Win32.ActiveCfg = Release|Win32
		{6FC71387-872A-0345-907B-D9FB208125DD}.Release|Win32.Build.0 = Release|Win32
		{6FC71387-872A-0345-907B-D9FB208125DD}.Release|x64.ActiveCfg = Release|x64
		{6FC71387-872A-0345-907B-D9FB208125DD}.Release|x64.Build.0 = Release|x64
		{6FC71387-872A-0345-907B-D9FB208125DD}.Debug|Win32.ActiveCfg = Debug|Win32
		{6FC71387-872A-0345-907B-D9FB208125DD}.Debug|Win32.Build.0 = Debug|Win32
		{6FC71387-872A-0345-907B-D9FB208125DD}.Debug|x64.ActiveCfg = Debug|x64
		{6FC71387-872A-0345-907B-D9FB208125DD}.Debug|x64.Build.0 = Debug|x64
		{EFAA1329-D205-7F43-A5AF-4F1466BE2B0D}.Release|Win32.ActiveCfg = Release|Win32
		{EFAA1329-D205-7F43-A5AF-4F1466BE2B0D}.Release|Win32.Build.0 = Release|Win32
		{EFAA1329-D205-7F43-A5AF-4F1466BE2B0D}.Release|x64.ActiveCfg = Release|x64
		{EFAA1329-D205-7F43-A5AF-4F1466BE2B0D}.Release|x64.Build.0 = Release|x64
		{EFAA1329-D205-7F43-A5AF-4F1466BE2B0D}.Debug|Win32.ActiveCfg = Debug|Win32
		{EFAA1329-D205-7F43-A5AF-4F1466BE2B0D}.Debug|Win32.Build.0 = Debug|Win32
		{EFAA1329-D205-7F43-A5AF-4F1466BE2B0D}.Debug|x64.ActiveCfg = Debug|x64
		{EFAA1329-D205-7F43-A5AF-4F1466BE2B0D}.Debug|x64.Build.0 = Debug|x64
		{D3D54B7E-12DA-434A-AEB0-8892D20FE61B}.Release|Win32.ActiveCfg = Release|Win32
		{D3D54B7E-12DA-434A-AEB0-8892D20FE61B}.Release|Win32.Build.0 = Release|Win32
		{D3D54B7E-12DA-434A-AEB0-8892D20FE61B}.Release|x64.ActiveCfg = Release|x64
		{D3D54B7E-12DA-434A-AEB0-8892D20FE61B}.Release|x64.Build.0 = Release|x64
		{D3D54B7E-12DA-434A-AEB0-8892D20FE61B}.Debug|Win32.ActiveCfg = Debug|Win32
		{D3D54B7E-12DA-434A-AEB0-8892D20FE61B}.Debug|Win32.Build.0 = Debug|Win32
		{D3D54B7E-12DA-434A-AEB0-8892D20FE61B}.Debug|x64.ActiveCfg = Debug|x64
		{D3D54B7E-12DA-434A-AEB0-8892D20FE61B}.Debug|x64.Build.0 = Debug|x64
		{A8002B22-94BE-B746-984D-BABDF67BDA82}.Release|Win32.ActiveCfg = Release|Win32
		{A8002B22-94BE-B746-984D-BABDF67BDA82}.Release|Win32.Build.0 = Release|Win32
		{A8002B22-94BE-B746-984D-BABDF67BDA82}.Release|x64.ActiveCfg = Release|x64
		{A8002B22-94BE-B746-984D-BABDF67BDA82}.Release|x64.Build.0 = Release|x64
		{A8002B22-94BE-B746-984D-BABDF67BDA82}.Debug|Win32.ActiveCfg = Debug|Win32
		{A8002B22-94BE-B746-984D-BABDF67BDA82}.Debug|Win32.Build.0 = Debug|Win32
		{A8002B22-94BE-B746-984D-BABDF67BDA82}.Debug|x64.ActiveCfg = Debug|x64
		{A8002B22-94BE-B746-984D-BABDF67BDA82}.Debug|x64.Build.0 = Debug|x64
		{CD690A77-8378-6F4A-AC66-E1EE68623BF9}.Release|Win32.ActiveCfg = Release|Win32
		{CD690A77-8378-6F4A-AC66-E1EE68623BF9}.Release|Win32.Build.0 = Release|Win32
		{CD690A77-8378-6F4A-AC66-E1EE68623BF9}.Release|x64.ActiveCfg = Release|x64
		{CD690A77-8378-6F4A-AC66-E1EE68623BF9}.Release|x64.Build.0 = Release|x64
		{CD690A77-8378-6F4A-AC66-E1EE68623BF9}.Debug|Win32.ActiveCfg = Debug|Win32
		{CD690A77-8378-6F4A-AC66-E1EE68623BF9}.Debug|Win32.Build.0 = Debug|Win32
		{CD690A77-8378-6F4A-AC66-E1EE68623BF9}.Debug|x64.ActiveCfg = Debug|x64
		{CD690A77-8378-6F4A-AC66-E1EE68623BF9}.Debug|x64.Build.0 = Debug|x64
		{761C9489-56EA-B54E-B901-72C69FA41A82}.Release|Win32.ActiveCfg = Release|Win32
		{761C9489-56EA-B54E-B901-72C69FA41A82}.Release|Win32.Build.0 = Release|Win32
		{761C9489-56EA-B54E-B901-72C69FA41A82}.Release|x64.ActiveCfg = Release|x64
		{761C9489-56EA-B54E-B901-72C69FA41A82}.Release|x64.Build.0 = Release|x64
		{761C9489-56EA-B54E-B901-72C69FA41A82}.Debug|Win32.ActiveCfg = Debug|Win32
		{761C9489-56EA-B54E-B901-72C69FA41A82}.Debug|Win32.Build.0 = Debug|Win32
		{761C9489-56EA-B54E-B901-72C69FA41A82}.Debug|x64.ActiveCfg = Debug|x64
		{761C9489-56EA-B54E-B901-72C69FA41A82}.Debug|x64.Build.0 = Debug|x64
		{1C9B84E8-054D-E147-ABFA-221EF5A062B2}.Release|Win32.ActiveCfg = Release|Win32
		{1C9B84E8-054D-E147-ABFA-221EF5A062B2}.Release|Win32.Build.0 = Release|Win32
		{1C9B84E8-054D-E147-ABFA-221EF5A062B2}.Release|x64.ActiveCfg = Release|x64
		{1C9B84E8-054D-E147-ABFA-221EF5A062B2}.Release|x64.Build.0 = Release|x64
		{1C9B84E8-054D-E147-ABFA-221EF5A062B2}.Debug|Win32.ActiveCfg = Debug|Win32
		{1C9B84E8-054D-E147-ABFA-221EF5A062B2}.Debug|Win32.Build.0 = Debug|Win32
		{1C9B84E8-054D-E147-ABFA-221EF5A062B2}.Debug|x64.ActiveCfg = Debug|x64
		{1C9B84E8-054D-E147-ABFA-221EF5A062B2}.Debug|x64.Build.0 = Debug|x64
		{9A2FBF58-F01B-DE46-8F9E-B6726CEF1F35}.Release|Win32.ActiveCfg = Release|Win32
		{9A2FBF58-F01B-DE46-8F9E-B6726CEF1F35}.Release|Win32.Build.0 = Release|Win32
		{9A2FBF58-F01B-DE46-8F9E-B6726CEF1F35}.Release|x64.ActiveCfg = Release|x64
		{9A2FBF58-F01B-DE46-8F9E-B6726CEF1F35}.Release|x64.Build.0 = Release|x64
		{9A2FBF58-F01B-DE46-8F9E-B6726CEF1F35}.Debug|Win32.ActiveCfg = Debug|Win32
		{9A2FBF58-F01B-DE46-8F9E-B6726CEF1F35}.Debug|Win32.Build.0 = Debug|Win32
		{9A2FBF58-F01B-DE46-8F9E-B6726CEF1F35}.Debug|x64.ActiveCfg = Debug|x64
		{9A2FBF58-F01B-DE46-8F9E-B6726CEF1F35}.Debug|x64.Build.0 = Debug|x64
		{EC731A80-33EE-6E4C-9F6D-CF0BEFF98A0E}.Release|Win32.ActiveCfg = Release|Win32
		{EC731A80-33EE-6E4C-9F6D-CF0BEFF98A0E}.Release|Win32.Build.0 = Release|Win32
		{EC731A80-33EE-6E4C-9F6D-CF0BEFF98A0E}.Release|x64.ActiveCfg = Release|x64
		{EC731A80-33EE-6E4C-9F6D-CF0BEFF98A0E}.Release|x64.Build.0 = Release|x64
		{EC731A80-33EE-6E4C-9F6D-CF0BEFF98A0E}.Debug|Win32.ActiveCfg = Debug|Win32
		{EC731A80-33EE-6E4C-9F6D-CF0BEFF98A0E}.Debug|Win32.Build.0 = Debug|Win32
		{EC731A80-33EE-6E4C-9F6D-CF0BEFF98A0E}.Debug|x64.ActiveCfg = Debug|x64
		{EC731A80-33EE-6E4C-9F6D-CF0BEFF98A0E}.Debug|x64.Build.0 = Debug|x64
		{7DCFCDC7-F0DF-E042-8201-706970B03B47}.Release|Win32.ActiveCfg = Release|Win32
		{7DCFCDC7-F0DF-E042-8201-706970B03B47}.Release|Win32.Build.0 = Release|Win32
		{7DCFCDC7-F0DF-E042-8201-706970B03B47}.Release|x64.ActiveCfg = Release|x64
		{7DCFCDC7-F0DF-E042-8201-706970B03B47}.Release|x64.Build.0 = Release|x64
		{7DCFCDC7-F0DF-E042-8201-706970B03B47}.Debug|Win32.ActiveCfg = Debug|Win32
		{7DCFCDC7-F0DF-E042-8201-706970B03B47}.Debug|Win32.Build.0 = Debug|Win32
		{7DCFCDC7-F0DF-E042-8201-706970B03B47}.Debug|x64.ActiveCfg = Debug|x64
		{7DCFCDC7-F0DF-E042-8201-706970B03B47}.Debug|x64.Build.0 = Debug|x64
		{A5DD5FAC-7E89-3141-9F29-D5AF3B392E85}.Release|Win32.ActiveCfg = Release|Win32
		{A5DD5FAC-7E89-3141-9F29-D5AF3B392E85}.Release|Win32.Build.0 = Release|Win32
		{A5DD5FAC-7E89-3141-9F29-D5AF3B392E85}.Release|x64.ActiveCfg = Release|x64
		{A5DD5FAC-7E89-3141-9F29-D5AF3B392E85}.Release|x64.Build.0 = Release|x64
		{A5DD5FAC-7E89-3141-9F29-D5AF3B392E85}.Debug|Win32.ActiveCfg = Debug|Win32
		{A5DD5FAC-7E89-3141-9F29-D5AF3B392E85}.Debug|Win32.Build.0 = Debug|Win32
		{A5DD5FAC-7E89-3141-9F29-D5AF3B392E85}.Debug|x64.ActiveCfg = Debug|x64
		{A5DD5FAC-7E89-3141-9F29-D5AF3B392E85}.Debug|x64.Build.0 = Debug|x64
		{886B3700-FEEB-8B4D-B8D2-D87028F604D8}.Release|Win32.ActiveCfg = Release|Win32
		{886B3700-FEEB-8B4D-B8D2-D87028F604D8}.Release|Win32.Build.0 = Release|Win32
		{886B3700-FEEB-8B4D-B8D2-D87028F604D8}.Release|x64.ActiveCfg = Release|x64
		{886B3700-FEEB-8B4D-B8D2-D87028F604D8}.Release|x64.Build.0 = Release|x64
		{886B3700-FEEB-8B4D-B8D2-D87028F604D8}.Debug|Win32.ActiveCfg = Debug|Win32
		{886B3700-FEEB-8B4D-B8D2-D87028F604D8}.Debug|Win32.Build.0 = Debug|Win32
		{886B3700-FEEB-8B4D-B8D2-D87028F604D8}.Debug|x64.ActiveCfg = Debug|x64
		{886B3700-FEEB-8B4D-B8D2-D87028F604D8}.Debug|x64.Build.0 = Debug|x64
		{34878E87-3367-1F48-99E4-75376CA3F1B5}.Release|Win32.ActiveCfg = Release|Win32
		{34878E87-3367-1F48-99E4-75376CA3F1B5}.Release|Win32.Build.0 = Release|Win32
		{34878E87-3367-1F48-99E4-75376CA3F1B5}.Release|x64.ActiveCfg = Release|x64
		{34878E87-3367-1F48-99E4-75376CA3F1B5}.Release|x64.Build.0 = Release|x64
		{34878E87-3367-1F48-99E4-75376CA3F1B5}.Debug|Win32.ActiveCfg = Debug|Win32
		{34878E87-3367-1F48-99E4-75376CA3F1B5}.Debug|Win32.Build.0 = Debug|Win32
		{34878E87-3367-1F48-99E4-75376CA3F1B5}.Debug|x64.ActiveCfg = Debug|x64
		{34878E87-3367-1F48-99E4-75376CA3F1B5}.Debug|x64.Build.0 = Debug|x64
		{024E7766-F172-4448-B995-0AB307C07C53}.Release|Win32.ActiveCfg = Release|Win32
		{024E7766-F172-4448-B995-0AB307C07C53}.Release|Win32.Build.0 = Release|Win32
		{024E7766-F172-4448-B995-0AB307C07C53}.Release|x64.ActiveCfg = Release|x64
		{024E7766-F172-4448-B995-0AB307C07C53}.Release|x64.Build.0 = Release|x64
		{024E7766-F172-4448-B995-0AB307C07C53}.Debug|Win32.ActiveCfg = Debug|Win32
		{024E7766-F172-4448-B995-0AB307C07C53}.Debug|Win32.Build.0 = Debug|Win32
		{024E7766-F172-4448-B995-0AB307C07C53}.Debug|x64.ActiveCfg = Debug|x64
		{024E7766-F172-4448-B995-0AB307C07C53}.Debug|x64.Build.0 = Debug|x64
		{642B07BC-60CB-DB4F-8BCE-D484F64DDDAB}.Release|Win32.ActiveCfg = Release|Win32
		{642B07BC-60CB-DB4F-8BCE-D484F64DDDAB}.Release|Win32.Build.0 = Release|Win32
		{642B07BC-60CB-DB4F-8BCE-D484F64DDDAB}.Release|x64.ActiveCfg = Release|x64
		{642B07BC-60CB-DB4F-8BCE-D484F64DDDAB}.Release|x64.Build.0 = Release|x64
		{642B07BC-60CB-DB4F-8BCE-D484F64DDDAB}.Debug|Win32.ActiveCfg = Debug|Win32
		{642B07BC-60CB-DB4F-8BCE-D484F64DDDAB}.Debug|Win32.Build.0 = Debug|Win32
		{642B07BC-60CB-DB4F-8BCE-D484F64DDDAB}.Debug|x64.ActiveCfg = Debug|x64
		{642B07BC-60CB-DB4F-8BCE-D484F64DDDAB}.Debug|x64.Build.0 = Debug|x64
		{9C64DA39-6324-E248-AAF1-D41BA69BE78A}.Release|Win32.ActiveCfg = Release|Win32
		{9C64DA39-6324-E248-AAF1-D41BA69BE78A}.Release|Win32.Build.0 = Release|Win32
		{9C64DA39-6324-E248-AAF1-D41BA69BE78A}.Release|x64.ActiveCfg = Release|x64
		{9C64DA39-6324-E248-AAF1-D41BA69BE78A}.Release|x64.Build.0 = Release|x64
		{9C64DA39-6324-E248-AAF1-D41BA69BE78A}.Debug|Win32.ActiveCfg = Debug|Win32
		{9C64DA39-6324-E248-AAF1-D41BA69BE78A}.Debug|Win32.Build.0 = Debug|Win32
		{9C64DA39-6324-E248-AAF1-D41BA69BE78A}.Debug|x64.ActiveCfg = Debug|x64
		{9C64DA39-6324-E248-AAF1-D41BA69BE78A}.Debug|x64.Build.0 = Debug|x64
		{8B825AC1-A88C-464C-9EC0-463E99B275DA}.Release|Win32.ActiveCfg = Release|Win32
		{8B825AC1-A88C-464C-9EC0-463E99B275DA}.Release|Win32.Build.0 = Release|Win32
		{8B825AC1-A88C-464C-9EC0-463E99B275DA}.Release|x64.ActiveCfg = Release|x64
		{8B825AC1-A88C-464C-9EC0-463E99B275DA}.Release|x64.Build.0 = Release|x64
		{8B825AC1-A88C-464C-9EC0-463E99B275DA}.Debug|Win32.ActiveCfg = Debug|Win32
		{8B825AC1-A88C-464C-9EC0-463E99B275DA}.Debug|Win32.Build.0 = Debug|Win32
		{8B825AC1-A88C-464C-9EC0-463E99B275DA}.Debug|x64.ActiveCfg = Debug|x64
		{8B825AC1-A88C-464C-9EC0-463E99B275DA}.Debug|x64.Build.0 = Debug|x64
		{CEE69D36-4BAF-B046-B363-8F040E1E9A87}.Release|Win32.ActiveCfg = Release|Win32
		{CEE69D36-4BAF-B046-B363-8F040E1E9A87}.Release|Win32.Build.0 = Release|Win32
		{CEE69D36-4BAF-B046-B363-8F040E1E9A87}.Release|x64.ActiveCfg = Release|x64
		{CEE69D36-4BAF-B046-B363-8F040E1E9A87}.Release|x64.Build.0 = Release|x64
		{CEE69D36-4BAF-B046-B363-8F040E1E9A87}.Debug|Win32.ActiveCfg = Debug|Win32
		{CEE69D36-4BAF-B046-B363-8F040E1E9A87}.Debug|Win32.Build.0 = Debug|Win32
		{CEE69D36-4BAF-B046-B363-8F040E1E9A87}.Debug|x64.ActiveCfg = Debug|x64
		{CEE69D36-4BAF-B046-B363-8F040E1E9A87}.Debug|x64.Build.0 = Debug|x64
		{C3626BB1-29D4-E946-80CB-D5139F56DE7B}.Release|Win32.ActiveCfg = Release|Win32
		{C3626BB1-29D4-E946-80CB-D5139F56DE7B}.Release|Win32.Build.0 = Release|Win32
		{C3626BB1-29D4-E946-80CB-D5139F56DE7B}.Release|x64.ActiveCfg = Release|x64
		{C3626BB1-29D4-E946-80CB-D5139F56DE7B}.Release|x64.Build.0 = Release|x64
		{C3626BB1-29D4-E946-80CB-D5139F56DE7B}.Debug|Win32.ActiveCfg = Debug|Win32
		{C3626BB1-29D4-E946-80CB-D5139F56DE7B}.Debug|Win32.Build.0 = Debug|Win32
		{C3626BB1-29D4-E946-80CB-D5139F56DE7B}.Debug|x64.ActiveCfg = Debug|x64
		{C3626BB1-29D4-E946-80CB-D5139F56DE7B}.Debug|x64.Build.0 = Debug|x64
		{2AF59CA1-C7E8-1447-B8A9-2F9AAD664A3C}.Release|Win32.ActiveCfg = Release|Win32
		{2AF59CA1-C7E8-1447-B8A9-2F9AAD664A3C}.Release|Win32.Build.0 = Release|Win32
		{2AF59CA1-C7E8-1447-B8A9-2F9AAD664A3C}.Release|x64.ActiveCfg = Release|x64
		{2AF59CA1-C7E8-1447-B8A9-2F9AAD664A3C}.Release|x64.Build.0 = Release|x64
		{2AF59CA1-C7E8-1447-B8A9-2F9AAD664A3C}.Debug|Win32.ActiveCfg = Debug|Win32
		{2AF59CA1-C7E8-1447-B8A9-2F9AAD664A3C}.Debug|Win32.Build.0 = Debug|Win32
		{2AF59CA1-C7E8-1447-B8A9-2F9AAD664A3C}.Debug|x64.ActiveCfg = Debug|x64
		{2AF59CA1-C7E8-1447-B8A9-2F9AAD664A3C}.Debug|x64.Build.0 = Debug|x64
		{C84EDAD5-4131-D040-B289-52382F51BCE1}.Release|Win32.ActiveCfg = Release|Win32
		{C84EDAD5-4131-D040-B289-52382F51BCE1}.Release|Win32.Build.0 = Release|Win32
		{C84EDAD5-4131-D040-B289-52382F51BCE1}.Release|x64.ActiveCfg = Release|x64
		{C84EDAD5-4131-D040-B289-52382F51BCE1}.Release|x64.Build.0 = Release|x64
		{C84EDAD5-4131-D040-B289-52382F51BCE1}.Debug|Win32.ActiveCfg = Debug|Win32
		{C84EDAD5-4131-D040-B289-52382F51BCE1}.Debug|Win32.Build.0 = Debug|Win32
		{C84EDAD5-4131-D040-B289-52382F51BCE1}.Debug|x64.ActiveCfg = Debug|x64
		{C84EDAD5-4131-D040-B289-52382F51BCE1}.Debug|x64.Build.0 = Debug|x64
		{4A47C452-E3EC-E84E-91CC-4D1098E94D6B}.Release|Win32.ActiveCfg = Release|Win32
		{4A47C452-E3EC-E84E-91CC-4D1098E94D6B}.Release|Win32.Build.0 = Release|Win32
		{4A47C452-E3EC-E84E-91CC-4D1098E94D6B}.Release|x64.ActiveCfg = Release|x64
		{4A47C452-E3EC-E84E-91CC-4D1098E94D6B}.Release|x64.Build.0 = Release|x64
		{4A47C452-E3EC-E84E-91CC-4D1098E94D6B}.Debug|Win32.ActiveCfg = Debug|Win32
		{4A47C452-E3EC-E84E-91CC-4D1098E94D6B}.Debug|Win32.Build.0 = Debug|Win32
		{4A47C452-E3EC-E84E-91CC-4D1098E94D6B}.Debug|x64.ActiveCfg = Debug|x64
		{4A47C452-E3EC-E84E-91CC-4D1098E94D6B}.Debug|x64.Build.0 = Debug|x64
		{D8B47939-3B20-5F45-B32E-F3E3795B87D6}.Release|Win32.ActiveCfg = Release|Win32
		{D8B47939-3B20-5F45-B32E-F3E3795B87D6}.Release|Win32.Build.0 = Release|Win32
		{D8B47939-3B20-5F45-B32E-F3E3795B87D6}.Release|x64.ActiveCfg = Release|x64
		{D8B47939-3B20-5F45-B32E-F3E3795B87D6}.Release|x64.Build.0 = Release|x64
		{D8B47939-3B20-5F45-B32E-F3E3795B87D6}.Debug|Win32.ActiveCfg = Debug|Win32
		{D8B47939-3B20-5F45-B32E-F3E3795B87D6}.Debug|Win32.Build.0 = Debug|Win32
		{D8B47939-3B20-5F45-B32E-F3E3795B87D6}.Debug|x64.ActiveCfg = Debug|x64
		{D8B47939-3B20-5F45-B32E-F3E3795B87D6}.Debug|x64.Build.0 = Debug|x64
		{33A403EB-D4DC-D244-B316-8F76F68A895E}.Release|Win32.ActiveCfg = Release|Win32
		{33A403EB-D4DC-D244-B316-8F76F68A895E}.Release|Win32.Build.0 = Release|Win32
		{33A403EB-D4DC-D244-B316-8F76F68A895E}.Release|x64.ActiveCfg = Release|x64
		{33A403EB-D4DC-D244-B316-8F76F68A895E}.Release|x64.Build.0 = Release|x64
		{33A403EB-D4DC-D244-B316-8F76F68A895E}.Debug|Win32.ActiveCfg = Debug|Win32
		{33A403EB-D4DC-D244-B316-8F76F68A895E}.Debug|Win32.Build.0 = Debug|Win32
		{33A403EB-D4DC-D244-B316-8F76F68A895E}.Debug|x64.ActiveCfg = Debug|x64
		{33A403EB-D4DC-D244-B316-8F76F68A895E}.Debug|x64.Build.0 = Debug|x64
		{FC6DCFAE-FCA2-9940-BB39-813ABF37CB08}.Release|Win32.ActiveCfg = Release|Win32
		{FC6DCFAE-FCA2-9940-BB39-813ABF37CB08}.Release|Win32.Build.0 = Release|Win32
		{FC6DCFAE-FCA2-9940-BB39-813ABF37CB08}.Release|x64.ActiveCfg = Release|x64
		{FC6DCFAE-FCA2-9940-BB39-813ABF37CB08}.Release|x64.Build.0 = Release|x64
		{FC6DCFAE-FCA2-9940-BB39-813ABF37CB08}.Debug|Win32.ActiveCfg = Debug|Win32
		{FC6DCFAE-FCA2-9940-BB39-813ABF37CB08}.Debug|Win32.Build.0 = Debug|Win32
		{FC6DCFAE-FCA2-9940-BB39-813ABF37CB08}.Debug|x64.ActiveCfg = Debug|x64
		{FC6DCFAE-FCA2-9940-BB39-813ABF37CB08}.Debug|x64.Build.0 = Debug|x64
		{94C7DA9A-59E0-5F44-8AF7-E28D66154893}.Release|Win32.ActiveCfg = Release|Win32
		{94C7DA9A-59E0-5F44-8AF7-E28D66154893}.Release|Win32.Build.0 = Release|Win32
		{94C7DA9A-59E0-5F44-8AF7-E28D66154893}.Release|x64.ActiveCfg = Release|x64
		{94C7DA9A-59E0-5F44-8AF7-E28D66154893}.Release|x64.Build.0 = Release|x64
		{94C7DA9A-59E0-5F44-8AF7-E28D66154893}.Debug|Win32.ActiveCfg = Debug|Win32
		{94C7DA9A-59E0-5F44-8AF7-E28D66154893}.Debug|Win32.Build.0 = Debug|Win32
		{94C7DA9A-59E0-5F44-8AF7-E28D66154893}.Debug|x64.ActiveCfg = Debug|x64
		{94C7DA9A-59E0-5F44-8AF7-E28D66154893}.Debug|x64.Build.0 = Debug|x64
		{D3F1AC77-19AE-004D-AE1C-A6D8C3B1DE87}.Release|Win32.ActiveCfg = Release|Win32
		{D3F1AC77-19AE-004D-AE1C-A6D8C3B1DE87}.Release|Win32.Build.0 = Release|Win32
		{D3F1AC77-19AE-004D-AE1C-A6D8C3B1DE87}.Release|x64.ActiveCfg = Release|x64
		{D3F1AC77-19AE-004D-AE1C-A6D8C3B1DE87}.Release|x64.Build.0 = Release|x64
		{D3F1AC77-19AE-004D-AE1C-A6D8C3B1DE87}.Debug|Win32.ActiveCfg = Debug|Win32
		{D3F1AC77-19AE-004D-AE1C-A6D8C3B1DE87}.Debug|Win32.Build.0 = Debug|Win32
		{D3F1AC77-19AE-004D-AE1C-A6D8C3B1DE87}.Debug|x64.ActiveCfg = Debug|x64
		{D3F1AC77-19AE-004D-AE1C-A6D8C3B1DE87}.Debug|x64.Build.0 = Debug|x64
		{608ACADC-E8C8-6E42-B1D7-1DC7F14F66EF}.Release|Win32.ActiveCfg = Release|Win32
		{608ACADC-E8C8-6E42-B1D7-1DC7F14F66EF}.Release|Win32.Build.0 = Release|Win32
		{608ACADC-E8C8-6E42-B1D7-1DC7F14F66EF}.Release|x64.ActiveCfg = Release|x64
		{608ACADC-E8C8-6E42-B1D7-1DC7F14F66EF}.Release|x64.Build.0 = Release|x64
		{608ACADC-E8C8-6E42-B1D7-1DC7F14F66EF}.Debug|Win32.ActiveCfg = Debug|Win32
		{608ACADC-E8C8-6E42-B1D7-1DC7F14F66EF}.Debug|Win32.Build.0 = Debug|Win32
		{608ACADC-E8C8-6E42-B1D7-1DC7F14F66EF}.Debug|x64.ActiveCfg = Debug|x64
		{608ACADC-E8C8-6E42-B1D7-1DC7F14F66EF}.Debug|x64.Build.0 = Debug|x64
		{21174C27-04BF-4940-B70D-D648CED07A0F}.Release|Win32.ActiveCfg = Release|Win32
		{21174C27-04BF-4940-B70D-D648CED07A0F}.Release|Win32.Build.0 = Release|Win32
		{21174C27-04BF-4940-B70D-D648CED07A0F}.Release|x64.ActiveCfg = Release|x64
		{21174C27-04BF-4940-B70D-D648CED07A0F}.Release|x64.Build.0 = Release|x64
		{21174C27-04BF-4940-B70D-D648CED07A0F}.Debug|Win32.ActiveCfg = Debug|Win32
		{21174C27-04BF-4940-B70D-D648CED07A0F}.Debug|Win32.Build.0 = Debug|Win32
		{21174C27-04BF-4940-B70D-D648CED07A0F}.Debug|x64.ActiveCfg = Debug|x64
		{21174C27-04BF-4940-B70D-D648CED07A0F}.Debug|x64.Build.0 = Debug|x64
		{00658D73-848B-8F4C-B57B-34B8DBA26A84}.Release|Win32.ActiveCfg = Release|Win32
		{00658D73-848B-8F4C-B57B-34B8DBA26A84}.Release|Win32.Build.0 = Release|Win32
		{00658D73-848B-8F4C-B57B-34B8DBA26A84}.Release|x64.ActiveCfg = Release|x64
		{00658D73-848B-8F4C-B57B-34B8DBA26A84}.Release|x64.Build.0 = Release|x64
		{00658D73-848B-8F4C-B57B-34B8DBA26A84}.Debug|Win32.ActiveCfg = Debug|Win32
		{00658D73-848B-8F4C-B57B-34B8DBA26A84}.Debug|Win32.Build.0 = Debug|Win32
		{00658D73-848B-8F4C-B57B-34B8DBA26A84}.Debug|x64.ActiveCfg = Debug|x64
		{00658D73-848B-8F4C-B57B-34B8DBA26A84}.Debug|x64.Build.0 = Debug|x64
		{DA23953B-FA03-1447-85C0-8AF3B23AEF82}.Release|Win32.ActiveCfg = Release|Win32
		{DA23953B-FA03-1447-85C0-8AF3B23AEF82}.Release|Win32.Build.0 = Release|Win32
		{DA23953B-FA03-1447-85C0-8AF3B23AEF82}.Release|x64.ActiveCfg = Release|x64
		{DA23953B-FA03-1447-85C0-8AF3B23AEF82}.Release|x64.Build.0 = Release|x64
		{DA23953B-FA03-1447-85C0-8AF3B23AEF82}.Debug|Win32.ActiveCfg = Debug|Win32
		{DA23953B-FA03-1447-85C0-8AF3B23AEF82}.Debug|Win32.Build.0 = Debug|Win32
		{DA23953B-FA03-1447-85C0-8AF3B23AEF82}.Debug|x64.ActiveCfg = Debug|x64
		{DA23953B-FA03-1447-85C0-8AF3B23AEF82}.Debug|x64.Build.0 = Debug|x64
		{BAB24143-6DAF-D345-BE03-EF7CCFE8BE4D}.Release|Win32.ActiveCfg = Release|Win32
		{BAB24143-6DAF-D345-BE03-EF7CCFE8BE4D}.Release|Win32.Build.0 = Release|Win32
		{BAB24143-6DAF-D345-BE03-EF7CCFE8BE4D}.Release|x64.ActiveCfg = Release|x64
		{BAB24143-6DAF-D345-BE03-EF7CCFE8BE4D}.Release|x64.Build.0 = Release|x64
		{BAB24143-6DAF-D345-BE03-EF7CCFE8BE4D}.Debug|Win32.ActiveCfg = Debug|Win32
		{BAB24143-6DAF-D345-BE03-EF7CCFE8BE4D}.Debug|Win32.Build.0 = Debug|Win32
		{BAB24143-6DAF-D345-BE03-EF7CCFE8BE4D}.Debug|x64.ActiveCfg = Debug|x64
		{BAB24143-6DAF-D345-BE03-EF7CCFE8BE4D}.Debug|x64.Build.0 = Debug|x64
		{D4B17798-295A-C44C-B009-66A45501A6DF}.Release|Win32.ActiveCfg = Release|Win32
		{D4B17798-295A-C44C-B009-66A45501A6DF}.Release|Win32.Build.0 = Release|Win32
		{D4B17798-295A-C44C-B009-66A45501A6DF}.Release|x64.ActiveCfg = Release|x64
		{D4B17798-295A-C44C-B009-66A45501A6DF}.Release|x64.Build.0 = Release|x64
		{D4B17798-295A-C44C-B009-66A45501A6DF}.Debug|Win32.ActiveCfg = Debug|Win32
		{D4B17798-295A-C44C-B009-66A45501A6DF}.Debug|Win32.Build.0 = Debug|Win32
		{D4B17798-295A-C44C-B009-66A45501A6DF}.Debug|x64.ActiveCfg = Debug|x64
		{D4B17798-295A-C44C-B009-66A45501A6DF}.Debug|x64.Build.0 = Debug|x64
		{53B9718B-26FB-204E-85A7-B4BB2D8C386A}.Release|Win32.ActiveCfg = Release|Win32
		{53B9718B-26FB-204E-85A7-B4BB2D8C386A}.Release|Win32.Build.0 = Release|Win32
		{53B9718B-26FB-204E-85A7-B4BB2D8C386A}.Release|x64.ActiveCfg = Release|x64
		{53B9718B-26FB-204E-85A7-B4BB2D8C386A}.Release|x64.Build.0 = Release|x64
		{53B9718B-26FB-204E-85A7-B4BB2D8C386A}.Debug|Win32.ActiveCfg = Debug|Win32
		{53B9718B-26FB-204E-85A7-B4BB2D8C386A}.Debug|Win32.Build.0 = Debug|Win32
		{53B9718B-26FB-204E-85A7-B4BB2D8C386A}.Debug|x64.ActiveCfg = Debug|x64
		{53B9718B-26FB-204E-85A7-B4BB2D8C386A}.Debug|x64.Build.0 = Debug|x64
		{87FCB533-1CC5-5845-A1C1-BFF5F3E94393}.Release|Win32.ActiveCfg = Release|Win32
		{87FCB533-1CC5-5845-A1C1-BFF5F3E94393}.Release|Win32.Build.0 = Release|Win32
		{87FCB533-1CC5-5845-A1C1-BFF5F3E94393}.Release|x64.ActiveCfg = Release|x64
		{87FCB533-1CC5-5845-A1C1-BFF5F3E94393}.Release|x64.Build.0 = Release|x64
		{87FCB533-1CC5-5845-A1C1-BFF5F3E94393}.Debug|Win32.ActiveCfg = Debug|Win32
		{87FCB533-1CC5-5845-A1C1-BFF5F3E94393}.Debug|Win32.Build.0 = Debug|Win32
		{87FCB533-1CC5-5845-A1C1-BFF5F3E94393}.Debug|x64.ActiveCfg = Debug|x64
		{87FCB533-1CC5-5845-A1C1-BFF5F3E94393}.Debug|x64.Build.0 = Debug|x64
		{05047261-A5BE-C844-9068-1CE1DEFE41B3}.Release|Win32.ActiveCfg = Release|Win32
		{05047261-A5BE-C844-9068-1CE1DEFE41B3}.Release|Win32.Build.0 = Release|Win32
		{05047261-A5BE-C844-9068-1CE1DEFE41B3}.Release|x64.ActiveCfg = Release|x64
		{05047261-A5BE-C844-9068-1CE1DEFE41B3}.Release|x64.Build.0 = Release|x64
		{05047261-A5BE-C844-9068-1CE1DEFE41B3}.Debug|Win32.ActiveCfg = Debug|Win32
		{05047261-A5BE-C844-9068-1CE1DEFE41B3}.Debug|Win32.Build.0 = Debug|Win32
		{05047261-A5BE-C844-9068-1CE1DEFE41B3}.Debug|x64.ActiveCfg = Debug|x64
		{05047261-A5BE-C844-9068-1CE1DEFE41B3}.Debug|x64.Build.0 = Debug|x64
		{AD609702-D798-EE41-A792-59952F4FD957}.Release|Win32.ActiveCfg = Release|Win32
		{AD609702-D798-EE41-A792-59952F4FD957}.Release|Win32.Build.0 = Release|Win32
		{AD609702-D798-EE41-A792-59952F4FD957}.Release|x64.ActiveCfg = Release|x64
		{AD609702-D798-EE41-A792-59952F4FD957}.Release|x64.Build.0 = Release|x64
		{AD609702-D798-EE41-A792-59952F4FD957}.Debug|Win32.ActiveCfg = Debug|Win32
		{AD609702-D798-EE41-A792-59952F4FD957}.Debug|Win32.Build.0 = Debug|Win32
		{AD609702-D798-EE41-A792-59952F4FD957}.Debug|x64.ActiveCfg = Debug|x64
		{AD609702-D798-EE41-A792-59952F4FD957}.Debug|x64.Build.0 = Debug|x64
	EndGlobalSection
	GlobalSection(SolutionProperties) = preSolution
		HideSolutionNode = FALSE
	EndGlobalSection
EndGlobal
