<?xml version="1.0" encoding="utf-8"?>
<Project ToolsVersion="4.0" xmlns="http://schemas.microsoft.com/developer/msbuild/2003">
  <ItemGroup>
    <Filter Include="Extras">
      <UniqueIdentifier>{83F700C1-F19D-2E41-824C-9EA5ED91C6A6}</UniqueIdentifier>
    </Filter>
    <Filter Include="Extras\Serialize">
      <UniqueIdentifier>{8BD0C856-29C3-F64D-9863-86287F8B5B72}</UniqueIdentifier>
    </Filter>
    <Filter Include="Extras\Serialize\BulletXmlWorldImporter">
      <UniqueIdentifier>{175CEDDE-3029-6A4A-9809-61EADA0319DF}</UniqueIdentifier>
    </Filter>
  </ItemGroup>
  <ItemGroup>
    <ClInclude Include="..\..\Extras\Serialize\BulletXmlWorldImporter\btBulletXmlWorldImporter.h">
      <Filter>Extras\Serialize\BulletXmlWorldImporter</Filter>
    </ClInclude>
    <ClInclude Include="..\..\Extras\Serialize\BulletXmlWorldImporter\string_split.h">
      <Filter>Extras\Serialize\BulletXmlWorldImporter</Filter>
    </ClInclude>
    <ClInclude Include="..\..\Extras\Serialize\BulletXmlWorldImporter\tinystr.h">
      <Filter>Extras\Serialize\BulletXmlWorldImporter</Filter>
    </ClInclude>
    <ClInclude Include="..\..\Extras\Serialize\BulletXmlWorldImporter\tinyxml.h">
      <Filter>Extras\Serialize\BulletXmlWorldImporter</Filter>
    </ClInclude>
  </ItemGroup>
  <ItemGroup>
    <ClCompile Include="..\..\Extras\Serialize\BulletXmlWorldImporter\btBulletXmlWorldImporter.cpp">
      <Filter>Extras\Serialize\BulletXmlWorldImporter</Filter>
    </ClCompile>
    <ClCompile Include="..\..\Extras\Serialize\BulletXmlWorldImporter\string_split.cpp">
      <Filter>Extras\Serialize\BulletXmlWorldImporter</Filter>
    </ClCompile>
    <ClCompile Include="..\..\Extras\Serialize\BulletXmlWorldImporter\tinystr.cpp">
      <Filter>Extras\Serialize\BulletXmlWorldImporter</Filter>
    </ClCompile>
    <ClCompile Include="..\..\Extras\Serialize\BulletXmlWorldImporter\tinyxml.cpp">
      <Filter>Extras\Serialize\BulletXmlWorldImporter</Filter>
    </ClCompile>
    <ClCompile Include="..\..\Extras\Serialize\BulletXmlWorldImporter\tinyxmlerror.cpp">
      <Filter>Extras\Serialize\BulletXmlWorldImporter</Filter>
    </ClCompile>
    <ClCompile Include="..\..\Extras\Serialize\BulletXmlWorldImporter\tinyxmlparser.cpp">
      <Filter>Extras\Serialize\BulletXmlWorldImporter</Filter>
    </ClCompile>
  </ItemGroup>
</Project>
