<?xml version="1.0" encoding="utf-8"?>
<Project ToolsVersion="4.0" xmlns="http://schemas.microsoft.com/developer/msbuild/2003">
  <ItemGroup>
    <Filter Include="Extras">
      <UniqueIdentifier>{D4BB7269-93A9-CC4A-BACB-B8CD9852C8B6}</UniqueIdentifier>
    </Filter>
    <Filter Include="Extras\VHACD">
      <UniqueIdentifier>{3C104340-528C-434C-9579-112C6609053D}</UniqueIdentifier>
    </Filter>
    <Filter Include="Extras\VHACD\src">
      <UniqueIdentifier>{AE9533D0-5C4A-9E4B-A7AA-04AC376DA8C4}</UniqueIdentifier>
    </Filter>
  </ItemGroup>
  <ItemGroup>
    <ClCompile Include="..\..\Extras\VHACD\src\btAlignedAllocator.cpp">
      <Filter>Extras\VHACD\src</Filter>
    </ClCompile>
    <ClCompile Include="..\..\Extras\VHACD\src\btConvexHullComputer.cpp">
      <Filter>Extras\VHACD\src</Filter>
    </ClCompile>
    <ClCompile Include="..\..\Extras\VHACD\src\VHACD.cpp">
      <Filter>Extras\VHACD\src</Filter>
    </ClCompile>
    <ClCompile Include="..\..\Extras\VHACD\src\vhacdICHull.cpp">
      <Filter>Extras\VHACD\src</Filter>
    </ClCompile>
    <ClCompile Include="..\..\Extras\VHACD\src\vhacdManifoldMesh.cpp">
      <Filter>Extras\VHACD\src</Filter>
    </ClCompile>
    <ClCompile Include="..\..\Extras\VHACD\src\vhacdMesh.cpp">
      <Filter>Extras\VHACD\src</Filter>
    </ClCompile>
    <ClCompile Include="..\..\Extras\VHACD\src\vhacdVolume.cpp">
      <Filter>Extras\VHACD\src</Filter>
    </ClCompile>
  </ItemGroup>
</Project>
