<?xml version="1.0" encoding="utf-8"?>
<Project ToolsVersion="4.0" xmlns="http://schemas.microsoft.com/developer/msbuild/2003">
  <ItemGroup>
    <Filter Include="src">
      <UniqueIdentifier>{B80A191F-690F-8645-B4BD-0DC68398721E}</UniqueIdentifier>
    </Filter>
    <Filter Include="src\Bullet3Dynamics">
      <UniqueIdentifier>{A4045DB6-83F2-8F4E-BF97-613DAEE99ECE}</UniqueIdentifier>
    </Filter>
    <Filter Include="src\Bullet3Dynamics\ConstraintSolver">
      <UniqueIdentifier>{749198FF-4C44-734F-AA76-20F5913AB206}</UniqueIdentifier>
    </Filter>
    <Filter Include="src\Bullet3Dynamics\shared">
      <UniqueIdentifier>{F1F9CACE-3813-F246-9F29-2FD3945F8157}</UniqueIdentifier>
    </Filter>
  </ItemGroup>
  <ItemGroup>
    <ClInclude Include="..\..\src\Bullet3Dynamics\b3CpuRigidBodyPipeline.h">
      <Filter>src\Bullet3Dynamics</Filter>
    </ClInclude>
    <ClInclude Include="..\..\src\Bullet3Dynamics\ConstraintSolver\b3ContactSolverInfo.h">
      <Filter>src\Bullet3Dynamics\ConstraintSolver</Filter>
    </ClInclude>
    <ClInclude Include="..\..\src\Bullet3Dynamics\ConstraintSolver\b3FixedConstraint.h">
      <Filter>src\Bullet3Dynamics\ConstraintSolver</Filter>
    </ClInclude>
    <ClInclude Include="..\..\src\Bullet3Dynamics\ConstraintSolver\b3Generic6DofConstraint.h">
      <Filter>src\Bullet3Dynamics\ConstraintSolver</Filter>
    </ClInclude>
    <ClInclude Include="..\..\src\Bullet3Dynamics\ConstraintSolver\b3JacobianEntry.h">
      <Filter>src\Bullet3Dynamics\ConstraintSolver</Filter>
    </ClInclude>
    <ClInclude Include="..\..\src\Bullet3Dynamics\ConstraintSolver\b3PgsJacobiSolver.h">
      <Filter>src\Bullet3Dynamics\ConstraintSolver</Filter>
    </ClInclude>
    <ClInclude Include="..\..\src\Bullet3Dynamics\ConstraintSolver\b3Point2PointConstraint.h">
      <Filter>src\Bullet3Dynamics\ConstraintSolver</Filter>
    </ClInclude>
    <ClInclude Include="..\..\src\Bullet3Dynamics\ConstraintSolver\b3SolverBody.h">
      <Filter>src\Bullet3Dynamics\ConstraintSolver</Filter>
    </ClInclude>
    <ClInclude Include="..\..\src\Bullet3Dynamics\ConstraintSolver\b3SolverConstraint.h">
      <Filter>src\Bullet3Dynamics\ConstraintSolver</Filter>
    </ClInclude>
    <ClInclude Include="..\..\src\Bullet3Dynamics\ConstraintSolver\b3TypedConstraint.h">
      <Filter>src\Bullet3Dynamics\ConstraintSolver</Filter>
    </ClInclude>
    <ClInclude Include="..\..\src\Bullet3Dynamics\shared\b3ContactConstraint4.h">
      <Filter>src\Bullet3Dynamics\shared</Filter>
    </ClInclude>
    <ClInclude Include="..\..\src\Bullet3Dynamics\shared\b3ConvertConstraint4.h">
      <Filter>src\Bullet3Dynamics\shared</Filter>
    </ClInclude>
    <ClInclude Include="..\..\src\Bullet3Dynamics\shared\b3Inertia.h">
      <Filter>src\Bullet3Dynamics\shared</Filter>
    </ClInclude>
    <ClInclude Include="..\..\src\Bullet3Dynamics\shared\b3IntegrateTransforms.h">
      <Filter>src\Bullet3Dynamics\shared</Filter>
    </ClInclude>
  </ItemGroup>
  <ItemGroup>
    <ClCompile Include="..\..\src\Bullet3Dynamics\b3CpuRigidBodyPipeline.cpp">
      <Filter>src\Bullet3Dynamics</Filter>
    </ClCompile>
    <ClCompile Include="..\..\src\Bullet3Dynamics\ConstraintSolver\b3FixedConstraint.cpp">
      <Filter>src\Bullet3Dynamics\ConstraintSolver</Filter>
    </ClCompile>
    <ClCompile Include="..\..\src\Bullet3Dynamics\ConstraintSolver\b3Generic6DofConstraint.cpp">
      <Filter>src\Bullet3Dynamics\ConstraintSolver</Filter>
    </ClCompile>
    <ClCompile Include="..\..\src\Bullet3Dynamics\ConstraintSolver\b3PgsJacobiSolver.cpp">
      <Filter>src\Bullet3Dynamics\ConstraintSolver</Filter>
    </ClCompile>
    <ClCompile Include="..\..\src\Bullet3Dynamics\ConstraintSolver\b3Point2PointConstraint.cpp">
      <Filter>src\Bullet3Dynamics\ConstraintSolver</Filter>
    </ClCompile>
    <ClCompile Include="..\..\src\Bullet3Dynamics\ConstraintSolver\b3TypedConstraint.cpp">
      <Filter>src\Bullet3Dynamics\ConstraintSolver</Filter>
    </ClCompile>
  </ItemGroup>
</Project>
