<?xml version="1.0" encoding="utf-8"?>
<Project ToolsVersion="4.0" xmlns="http://schemas.microsoft.com/developer/msbuild/2003">
  <ItemGroup>
    <Filter Include="test">
      <UniqueIdentifier>{1CB65590-C89C-E04D-B621-ABEB5E89AE5C}</UniqueIdentifier>
    </Filter>
    <Filter Include="test\clsocket">
      <UniqueIdentifier>{373CB028-1C74-424D-BD20-722B4CDB9498}</UniqueIdentifier>
    </Filter>
  </ItemGroup>
  <ItemGroup>
    <ClCompile Include="..\..\test\clsocket\EchoServer.cpp">
      <Filter>test\clsocket</Filter>
    </ClCompile>
  </ItemGroup>
</Project>
